<?xml version="1.0" encoding="UTF-8" standalone="yes" ?>
<CodeBlocks_project_file>
	<FileVersion major="1" minor="6" />
	<Project>
		<Option title="Paparazzi" />
		<Option makefile_is_custom="1" />
		<Option pch_mode="2" />
		<Option compiler="gcc" />
		<Build>
			<Target title="Release">
				<Option output="bin/Release/Paparazzi" prefix_auto="1" extension_auto="1" />
				<Option object_output="obj/Release/" />
				<Option type="1" />
				<Option compiler="gcc" />
				<Compiler>
					<Add option="-O2" />
				</Compiler>
				<Linker>
					<Add option="-s" />
				</Linker>
			</Target>
		</Build>
		<Compiler>
			<Add option="-Wall" />
		</Compiler>
		<Unit filename="sw/airborne/TUDelft/fw_v_ctl_energy.c">
			<Option compilerVar="CC" />
		</Unit>
		<Unit filename="sw/airborne/TUDelft/fw_v_ctl_energy.h" />
		<Unit filename="sw/airborne/TUDelft/fw_v_ctl_energy_acc.c">
			<Option compilerVar="CC" />
		</Unit>
		<Unit filename="sw/airborne/TUDelft/nav_photogrammetry.c">
			<Option compilerVar="CC" />
		</Unit>
		<Unit filename="sw/airborne/TUDelft/nav_photogrammetry.h" />
		<Unit filename="sw/airborne/actuators.c">
			<Option compilerVar="CC" />
		</Unit>
		<Unit filename="sw/airborne/agl_vfilter.c">
			<Option compilerVar="CC" />
		</Unit>
		<Unit filename="sw/airborne/agl_vfilter.h" />
		<Unit filename="sw/airborne/alt_vfilter.c">
			<Option compilerVar="CC" />
		</Unit>
		<Unit filename="sw/airborne/alt_vfilter.h" />
		<Unit filename="sw/airborne/anemotaxis.c">
			<Option compilerVar="CC" />
		</Unit>
		<Unit filename="sw/airborne/anemotaxis.h" />
		<Unit filename="sw/airborne/ap_downlink.h" />
		<Unit filename="sw/airborne/arch/avr/ahrs_asm.S" />
		<Unit filename="sw/airborne/arch/avr/ant_h_bridge.c">
			<Option compilerVar="CC" />
		</Unit>
		<Unit filename="sw/airborne/arch/avr/ant_h_bridge.h" />
		<Unit filename="sw/airborne/arch/avr/ant_servo.c">
			<Option compilerVar="CC" />
		</Unit>
		<Unit filename="sw/airborne/arch/avr/ant_servo.h" />
		<Unit filename="sw/airborne/arch/avr/ant_spi.c">
			<Option compilerVar="CC" />
		</Unit>
		<Unit filename="sw/airborne/arch/avr/ant_spi.h" />
		<Unit filename="sw/airborne/arch/avr/ant_tracker.c">
			<Option compilerVar="CC" />
		</Unit>
		<Unit filename="sw/airborne/arch/avr/ant_tracker.h" />
		<Unit filename="sw/airborne/arch/avr/ant_v2x.c">
			<Option compilerVar="CC" />
		</Unit>
		<Unit filename="sw/airborne/arch/avr/ant_v2x.h" />
		<Unit filename="sw/airborne/arch/avr/dc_mc_link.c">
			<Option compilerVar="CC" />
		</Unit>
		<Unit filename="sw/airborne/arch/avr/dc_mc_link.h" />
		<Unit filename="sw/airborne/arch/avr/dc_mc_power.c">
			<Option compilerVar="CC" />
		</Unit>
		<Unit filename="sw/airborne/arch/avr/dc_mc_power.h" />
		<Unit filename="sw/airborne/arch/avr/gpio.h" />
		<Unit filename="sw/airborne/arch/avr/interrupt_hw.h" />
		<Unit filename="sw/airborne/arch/avr/led_hw.h" />
		<Unit filename="sw/airborne/arch/avr/link_mcu_hw.h" />
		<Unit filename="sw/airborne/arch/avr/mcu_periph/adc_arch.c">
			<Option compilerVar="CC" />
		</Unit>
		<Unit filename="sw/airborne/arch/avr/mcu_periph/adc_arch.h" />
		<Unit filename="sw/airborne/arch/avr/mcu_periph/i2c_arch.c">
			<Option compilerVar="CC" />
		</Unit>
		<Unit filename="sw/airborne/arch/avr/mcu_periph/i2c_arch.h" />
		<Unit filename="sw/airborne/arch/avr/mcu_periph/spi_arch.c">
			<Option compilerVar="CC" />
		</Unit>
		<Unit filename="sw/airborne/arch/avr/mcu_periph/spi_arch.h" />
		<Unit filename="sw/airborne/arch/avr/mcu_periph/uart_arch.c">
			<Option compilerVar="CC" />
		</Unit>
		<Unit filename="sw/airborne/arch/avr/mcu_periph/uart_arch.h" />
		<Unit filename="sw/airborne/arch/avr/modem_hw.c">
			<Option compilerVar="CC" />
		</Unit>
		<Unit filename="sw/airborne/arch/avr/modem_hw.h" />
		<Unit filename="sw/airborne/arch/avr/ppm_hw.c">
			<Option compilerVar="CC" />
		</Unit>
		<Unit filename="sw/airborne/arch/avr/ppm_hw.h" />
		<Unit filename="sw/airborne/arch/avr/servos_4017.c">
			<Option compilerVar="CC" />
		</Unit>
		<Unit filename="sw/airborne/arch/avr/servos_4017.h" />
		<Unit filename="sw/airborne/arch/avr/servos_direct_hw.c">
			<Option compilerVar="CC" />
		</Unit>
		<Unit filename="sw/airborne/arch/avr/servos_direct_hw.h" />
		<Unit filename="sw/airborne/arch/avr/servos_esc_hw.c">
			<Option compilerVar="CC" />
		</Unit>
		<Unit filename="sw/airborne/arch/avr/servos_esc_hw.h" />
		<Unit filename="sw/airborne/arch/avr/sys_time_hw.c">
			<Option compilerVar="CC" />
		</Unit>
		<Unit filename="sw/airborne/arch/avr/sys_time_hw.h" />
		<Unit filename="sw/airborne/arch/avr/uart_tunnel.c">
			<Option compilerVar="CC" />
		</Unit>
		<Unit filename="sw/airborne/arch/lpc21/ADS8344.c">
			<Option compilerVar="CC" />
		</Unit>
		<Unit filename="sw/airborne/arch/lpc21/ADS8344.h" />
		<Unit filename="sw/airborne/arch/lpc21/TUDelft/servos_ppm_hw_fasst.c">
			<Option compilerVar="CC" />
		</Unit>
		<Unit filename="sw/airborne/arch/lpc21/TUDelft/servos_ppm_hw_fasst.h" />
		<Unit filename="sw/airborne/arch/lpc21/armVIC.c">
			<Option compilerVar="CC" />
		</Unit>
		<Unit filename="sw/airborne/arch/lpc21/armVIC.h" />
		<Unit filename="sw/airborne/arch/lpc21/crt0.S" />
		<Unit filename="sw/airborne/arch/lpc21/efsl/conf/config.h" />
		<Unit filename="sw/airborne/arch/lpc21/efsl/inc/debug.h" />
		<Unit filename="sw/airborne/arch/lpc21/efsl/inc/dir.h" />
		<Unit filename="sw/airborne/arch/lpc21/efsl/inc/disc.h" />
		<Unit filename="sw/airborne/arch/lpc21/efsl/inc/efs.h" />
		<Unit filename="sw/airborne/arch/lpc21/efsl/inc/error.h" />
		<Unit filename="sw/airborne/arch/lpc21/efsl/inc/extract.h" />
		<Unit filename="sw/airborne/arch/lpc21/efsl/inc/fat.h" />
		<Unit filename="sw/airborne/arch/lpc21/efsl/inc/file.h" />
		<Unit filename="sw/airborne/arch/lpc21/efsl/inc/fs.h" />
		<Unit filename="sw/airborne/arch/lpc21/efsl/inc/interface.h" />
		<Unit filename="sw/airborne/arch/lpc21/efsl/inc/interfaces/LPC2000_regs.h" />
		<Unit filename="sw/airborne/arch/lpc21/efsl/inc/interfaces/lpc2000_spi.h" />
		<Unit filename="sw/airborne/arch/lpc21/efsl/inc/interfaces/sd.h" />
		<Unit filename="sw/airborne/arch/lpc21/efsl/inc/ioman.h" />
		<Unit filename="sw/airborne/arch/lpc21/efsl/inc/ls.h" />
		<Unit filename="sw/airborne/arch/lpc21/efsl/inc/mkfs.h" />
		<Unit filename="sw/airborne/arch/lpc21/efsl/inc/partition.h" />
		<Unit filename="sw/airborne/arch/lpc21/efsl/inc/plibc.h" />
		<Unit filename="sw/airborne/arch/lpc21/efsl/inc/time.h" />
		<Unit filename="sw/airborne/arch/lpc21/efsl/inc/types.h" />
		<Unit filename="sw/airborne/arch/lpc21/efsl/inc/ui.h" />
		<Unit filename="sw/airborne/arch/lpc21/efsl/src/debug.c">
			<Option compilerVar="CC" />
		</Unit>
		<Unit filename="sw/airborne/arch/lpc21/efsl/src/dir.c">
			<Option compilerVar="CC" />
		</Unit>
		<Unit filename="sw/airborne/arch/lpc21/efsl/src/disc.c">
			<Option compilerVar="CC" />
		</Unit>
		<Unit filename="sw/airborne/arch/lpc21/efsl/src/efs.c">
			<Option compilerVar="CC" />
		</Unit>
		<Unit filename="sw/airborne/arch/lpc21/efsl/src/extract.c">
			<Option compilerVar="CC" />
		</Unit>
		<Unit filename="sw/airborne/arch/lpc21/efsl/src/fat.c">
			<Option compilerVar="CC" />
		</Unit>
		<Unit filename="sw/airborne/arch/lpc21/efsl/src/file.c">
			<Option compilerVar="CC" />
		</Unit>
		<Unit filename="sw/airborne/arch/lpc21/efsl/src/fs.c">
			<Option compilerVar="CC" />
		</Unit>
		<Unit filename="sw/airborne/arch/lpc21/efsl/src/interfaces/lpc2000_spi.c">
			<Option compilerVar="CC" />
		</Unit>
		<Unit filename="sw/airborne/arch/lpc21/efsl/src/interfaces/sd.c">
			<Option compilerVar="CC" />
		</Unit>
		<Unit filename="sw/airborne/arch/lpc21/efsl/src/ioman.c">
			<Option compilerVar="CC" />
		</Unit>
		<Unit filename="sw/airborne/arch/lpc21/efsl/src/ls.c">
			<Option compilerVar="CC" />
		</Unit>
		<Unit filename="sw/airborne/arch/lpc21/efsl/src/mkfs.c">
			<Option compilerVar="CC" />
		</Unit>
		<Unit filename="sw/airborne/arch/lpc21/efsl/src/partition.c">
			<Option compilerVar="CC" />
		</Unit>
		<Unit filename="sw/airborne/arch/lpc21/efsl/src/plibc.c">
			<Option compilerVar="CC" />
		</Unit>
		<Unit filename="sw/airborne/arch/lpc21/efsl/src/time.c">
			<Option compilerVar="CC" />
		</Unit>
		<Unit filename="sw/airborne/arch/lpc21/efsl/src/ui.c">
			<Option compilerVar="CC" />
		</Unit>
		<Unit filename="sw/airborne/arch/lpc21/gpio.c">
			<Option compilerVar="CC" />
		</Unit>
		<Unit filename="sw/airborne/arch/lpc21/gpio.h" />
		<Unit filename="sw/airborne/arch/lpc21/gps_hw.h" />
		<Unit filename="sw/airborne/arch/lpc21/icp_scale.h" />
		<Unit filename="sw/airborne/arch/lpc21/include/LPC21xx.h" />
		<Unit filename="sw/airborne/arch/lpc21/include/lpcADC.h" />
		<Unit filename="sw/airborne/arch/lpc21/include/lpcCAN.h" />
		<Unit filename="sw/airborne/arch/lpc21/include/lpcEMC.h" />
		<Unit filename="sw/airborne/arch/lpc21/include/lpcGPIO.h" />
		<Unit filename="sw/airborne/arch/lpc21/include/lpcI2C.h" />
		<Unit filename="sw/airborne/arch/lpc21/include/lpcPIN.h" />
		<Unit filename="sw/airborne/arch/lpc21/include/lpcRTC.h" />
		<Unit filename="sw/airborne/arch/lpc21/include/lpcSCB.h" />
		<Unit filename="sw/airborne/arch/lpc21/include/lpcSPI.h" />
		<Unit filename="sw/airborne/arch/lpc21/include/lpcTMR.h" />
		<Unit filename="sw/airborne/arch/lpc21/include/lpcUART.h" />
		<Unit filename="sw/airborne/arch/lpc21/include/lpcVIC.h" />
		<Unit filename="sw/airborne/arch/lpc21/include/lpcWD.h" />
		<Unit filename="sw/airborne/arch/lpc21/include/types.h" />
		<Unit filename="sw/airborne/arch/lpc21/interrupt_hw.h" />
		<Unit filename="sw/airborne/arch/lpc21/inttypes.h" />
		<Unit filename="sw/airborne/arch/lpc21/led_hw.h" />
		<Unit filename="sw/airborne/arch/lpc21/link_mcu_hw.h" />
		<Unit filename="sw/airborne/arch/lpc21/lpcusb/examples/armVIC.c">
			<Option compilerVar="CC" />
		</Unit>
		<Unit filename="sw/airborne/arch/lpc21/lpcusb/examples/armVIC.h" />
		<Unit filename="sw/airborne/arch/lpc21/lpcusb/examples/blockdev.h" />
		<Unit filename="sw/airborne/arch/lpc21/lpcusb/examples/blockdev_sd.c">
			<Option compilerVar="CC" />
		</Unit>
		<Unit filename="sw/airborne/arch/lpc21/lpcusb/examples/console.c">
			<Option compilerVar="CC" />
		</Unit>
		<Unit filename="sw/airborne/arch/lpc21/lpcusb/examples/console.h" />
		<Unit filename="sw/airborne/arch/lpc21/lpcusb/examples/crt.s" />
		<Unit filename="sw/airborne/arch/lpc21/lpcusb/examples/lpc2000_spi.c">
			<Option compilerVar="CC" />
		</Unit>
		<Unit filename="sw/airborne/arch/lpc21/lpcusb/examples/lpc2000_spi0.c">
			<Option compilerVar="CC" />
		</Unit>
		<Unit filename="sw/airborne/arch/lpc21/lpcusb/examples/main_msc.c">
			<Option compilerVar="CC" />
		</Unit>
		<Unit filename="sw/airborne/arch/lpc21/lpcusb/examples/msc_bot.c">
			<Option compilerVar="CC" />
		</Unit>
		<Unit filename="sw/airborne/arch/lpc21/lpcusb/examples/msc_bot.h" />
		<Unit filename="sw/airborne/arch/lpc21/lpcusb/examples/msc_scsi.c">
			<Option compilerVar="CC" />
		</Unit>
		<Unit filename="sw/airborne/arch/lpc21/lpcusb/examples/msc_scsi.h" />
		<Unit filename="sw/airborne/arch/lpc21/lpcusb/examples/printf.c">
			<Option compilerVar="CC" />
		</Unit>
		<Unit filename="sw/airborne/arch/lpc21/lpcusb/examples/spi.h" />
		<Unit filename="sw/airborne/arch/lpc21/lpcusb/examples/startup.c">
			<Option compilerVar="CC" />
		</Unit>
		<Unit filename="sw/airborne/arch/lpc21/lpcusb/examples/startup.h" />
		<Unit filename="sw/airborne/arch/lpc21/lpcusb/type.h" />
		<Unit filename="sw/airborne/arch/lpc21/lpcusb/usbapi.h" />
		<Unit filename="sw/airborne/arch/lpc21/lpcusb/usbcontrol.c">
			<Option compilerVar="CC" />
		</Unit>
		<Unit filename="sw/airborne/arch/lpc21/lpcusb/usbdebug.h" />
		<Unit filename="sw/airborne/arch/lpc21/lpcusb/usbhw_lpc.c">
			<Option compilerVar="CC" />
		</Unit>
		<Unit filename="sw/airborne/arch/lpc21/lpcusb/usbhw_lpc.h" />
		<Unit filename="sw/airborne/arch/lpc21/lpcusb/usbinit.c">
			<Option compilerVar="CC" />
		</Unit>
		<Unit filename="sw/airborne/arch/lpc21/lpcusb/usbstdreq.c">
			<Option compilerVar="CC" />
		</Unit>
		<Unit filename="sw/airborne/arch/lpc21/lpcusb/usbstruct.h" />
		<Unit filename="sw/airborne/arch/lpc21/mcu_arch.c">
			<Option compilerVar="CC" />
		</Unit>
		<Unit filename="sw/airborne/arch/lpc21/mcu_arch.h" />
		<Unit filename="sw/airborne/arch/lpc21/mcu_periph/adc_arch.c">
			<Option compilerVar="CC" />
		</Unit>
		<Unit filename="sw/airborne/arch/lpc21/mcu_periph/adc_arch.h" />
		<Unit filename="sw/airborne/arch/lpc21/mcu_periph/i2c_arch.c">
			<Option compilerVar="CC" />
		</Unit>
		<Unit filename="sw/airborne/arch/lpc21/mcu_periph/i2c_arch.h" />
		<Unit filename="sw/airborne/arch/lpc21/mcu_periph/spi_arch.c">
			<Option compilerVar="CC" />
		</Unit>
		<Unit filename="sw/airborne/arch/lpc21/mcu_periph/spi_arch.h" />
		<Unit filename="sw/airborne/arch/lpc21/mcu_periph/uart_arch.c">
			<Option compilerVar="CC" />
		</Unit>
		<Unit filename="sw/airborne/arch/lpc21/mcu_periph/uart_arch.h" />
		<Unit filename="sw/airborne/arch/lpc21/micromag_hw.c">
			<Option compilerVar="CC" />
		</Unit>
		<Unit filename="sw/airborne/arch/lpc21/micromag_hw.h" />
		<Unit filename="sw/airborne/arch/lpc21/modem_hw.c">
			<Option compilerVar="CC" />
		</Unit>
		<Unit filename="sw/airborne/arch/lpc21/modem_hw.h" />
		<Unit filename="sw/airborne/arch/lpc21/modules/adcs/max11040_hw.c">
			<Option compilerVar="CC" />
		</Unit>
		<Unit filename="sw/airborne/arch/lpc21/modules/adcs/max11040_hw.h" />
		<Unit filename="sw/airborne/arch/lpc21/modules/core/trigger_ext_hw.c">
			<Option compilerVar="CC" />
		</Unit>
		<Unit filename="sw/airborne/arch/lpc21/modules/core/trigger_ext_hw.h" />
		<Unit filename="sw/airborne/arch/lpc21/modules/display/lcd_dogm_hw.c">
			<Option compilerVar="CC" />
		</Unit>
		<Unit filename="sw/airborne/arch/lpc21/modules/display/lcd_dogm_hw.h" />
		<Unit filename="sw/airborne/arch/lpc21/modules/sensors/mag_micromag_fw_hw.c">
			<Option compilerVar="CC" />
		</Unit>
		<Unit filename="sw/airborne/arch/lpc21/modules/sensors/mag_micromag_fw_hw.h" />
		<Unit filename="sw/airborne/arch/lpc21/modules/sensors/trig_ext_hw.c">
			<Option compilerVar="CC" />
		</Unit>
		<Unit filename="sw/airborne/arch/lpc21/modules/sensors/trig_ext_hw.h" />
		<Unit filename="sw/airborne/arch/lpc21/peripherals/max1168_arch.c">
			<Option compilerVar="CC" />
		</Unit>
		<Unit filename="sw/airborne/arch/lpc21/peripherals/max1168_arch.h" />
		<Unit filename="sw/airborne/arch/lpc21/peripherals/ms2001_arch.c">
			<Option compilerVar="CC" />
		</Unit>
		<Unit filename="sw/airborne/arch/lpc21/peripherals/ms2001_arch.h" />
		<Unit filename="sw/airborne/arch/lpc21/pwm_input.c">
			<Option compilerVar="CC" />
		</Unit>
		<Unit filename="sw/airborne/arch/lpc21/pwm_input.h" />
		<Unit filename="sw/airborne/arch/lpc21/servos_4015_MAT_hw.c">
			<Option compilerVar="CC" />
		</Unit>
		<Unit filename="sw/airborne/arch/lpc21/servos_4015_MAT_hw.h" />
		<Unit filename="sw/airborne/arch/lpc21/servos_4015_hw.c">
			<Option compilerVar="CC" />
		</Unit>
		<Unit filename="sw/airborne/arch/lpc21/servos_4015_hw.h" />
		<Unit filename="sw/airborne/arch/lpc21/servos_4015_hw_new.c">
			<Option compilerVar="CC" />
		</Unit>
		<Unit filename="sw/airborne/arch/lpc21/servos_4017_hw.c">
			<Option compilerVar="CC" />
		</Unit>
		<Unit filename="sw/airborne/arch/lpc21/servos_4017_hw.h" />
		<Unit filename="sw/airborne/arch/lpc21/servos_csc.c">
			<Option compilerVar="CC" />
		</Unit>
		<Unit filename="sw/airborne/arch/lpc21/servos_csc.h" />
		<Unit filename="sw/airborne/arch/lpc21/servos_direct_hw.c">
			<Option compilerVar="CC" />
		</Unit>
		<Unit filename="sw/airborne/arch/lpc21/servos_direct_hw.h" />
		<Unit filename="sw/airborne/arch/lpc21/servos_ppm_hw.c">
			<Option compilerVar="CC" />
		</Unit>
		<Unit filename="sw/airborne/arch/lpc21/servos_ppm_hw.h" />
		<Unit filename="sw/airborne/arch/lpc21/ssp_hw.h" />
		<Unit filename="sw/airborne/arch/lpc21/subsystems/imu/imu_b2_arch.c">
			<Option compilerVar="CC" />
		</Unit>
		<Unit filename="sw/airborne/arch/lpc21/subsystems/imu/imu_b2_arch.h" />
		<Unit filename="sw/airborne/arch/lpc21/subsystems/imu/imu_crista_arch.c">
			<Option compilerVar="CC" />
		</Unit>
		<Unit filename="sw/airborne/arch/lpc21/subsystems/imu/imu_crista_arch.h" />
		<Unit filename="sw/airborne/arch/lpc21/subsystems/radio_control/ppm_arch.c">
			<Option compilerVar="CC" />
		</Unit>
		<Unit filename="sw/airborne/arch/lpc21/subsystems/radio_control/ppm_arch.h" />
		<Unit filename="sw/airborne/arch/lpc21/subsystems/radio_control/spektrum_arch.c">
			<Option compilerVar="CC" />
		</Unit>
		<Unit filename="sw/airborne/arch/lpc21/subsystems/radio_control/spektrum_arch.h" />
		<Unit filename="sw/airborne/arch/lpc21/sys_time_hw.c">
			<Option compilerVar="CC" />
		</Unit>
		<Unit filename="sw/airborne/arch/lpc21/sys_time_hw.h" />
		<Unit filename="sw/airborne/arch/lpc21/tacho_mb.c">
			<Option compilerVar="CC" />
		</Unit>
		<Unit filename="sw/airborne/arch/lpc21/tacho_mb.h" />
		<Unit filename="sw/airborne/arch/lpc21/test/bootloader/bootloader.c">
			<Option compilerVar="CC" />
		</Unit>
		<Unit filename="sw/airborne/arch/lpc21/test/bootloader/console.c">
			<Option compilerVar="CC" />
		</Unit>
		<Unit filename="sw/airborne/arch/lpc21/test/bootloader/console.h" />
		<Unit filename="sw/airborne/arch/lpc21/test/bootloader/crt.S" />
		<Unit filename="sw/airborne/arch/lpc21/test/bootloader/lpc21iap.h" />
		<Unit filename="sw/airborne/arch/lpc21/test/bootloader/printf.c">
			<Option compilerVar="CC" />
		</Unit>
		<Unit filename="sw/airborne/arch/lpc21/test/bootloader/startup.c">
			<Option compilerVar="CC" />
		</Unit>
		<Unit filename="sw/airborne/arch/lpc21/test/bootloader/startup.h" />
		<Unit filename="sw/airborne/arch/lpc21/test/bootloader/type.h" />
		<Unit filename="sw/airborne/arch/lpc21/test/bootloader/usbapi.h" />
		<Unit filename="sw/airborne/arch/lpc21/test/bootloader/usbcontrol.c">
			<Option compilerVar="CC" />
		</Unit>
		<Unit filename="sw/airborne/arch/lpc21/test/bootloader/usbdebug.h" />
		<Unit filename="sw/airborne/arch/lpc21/test/bootloader/usbdescrip.c">
			<Option compilerVar="CC" />
		</Unit>
		<Unit filename="sw/airborne/arch/lpc21/test/bootloader/usbhw_lpc.c">
			<Option compilerVar="CC" />
		</Unit>
		<Unit filename="sw/airborne/arch/lpc21/test/bootloader/usbhw_lpc.h" />
		<Unit filename="sw/airborne/arch/lpc21/test/bootloader/usbinit.c">
			<Option compilerVar="CC" />
		</Unit>
		<Unit filename="sw/airborne/arch/lpc21/test/bootloader/usbstdreq.c">
			<Option compilerVar="CC" />
		</Unit>
		<Unit filename="sw/airborne/arch/lpc21/test/bootloader/usbstruct.h" />
		<Unit filename="sw/airborne/arch/lpc21/test/crt0.S" />
		<Unit filename="sw/airborne/arch/lpc21/test/dev_board.h" />
		<Unit filename="sw/airborne/arch/lpc21/test/inttypes.h" />
		<Unit filename="sw/airborne/arch/lpc21/test/ledswitch.c">
			<Option compilerVar="CC" />
		</Unit>
		<Unit filename="sw/airborne/arch/lpc21/test/lpc2138.h" />
		<Unit filename="sw/airborne/arch/lpc21/test/lpc21xx.h" />
		<Unit filename="sw/airborne/arch/lpc21/test/timer.c">
			<Option compilerVar="CC" />
		</Unit>
		<Unit filename="sw/airborne/arch/lpc21/test/uart.c">
			<Option compilerVar="CC" />
		</Unit>
		<Unit filename="sw/airborne/arch/lpc21/test/uart_tunnel.c">
			<Option compilerVar="CC" />
		</Unit>
		<Unit filename="sw/airborne/arch/lpc21/test/welcome.h" />
		<Unit filename="sw/airborne/arch/lpc21/uart_tunnel.c">
			<Option compilerVar="CC" />
		</Unit>
		<Unit filename="sw/airborne/arch/lpc21/usb_msc_hw.c">
			<Option compilerVar="CC" />
		</Unit>
		<Unit filename="sw/airborne/arch/lpc21/usb_msc_hw.h" />
		<Unit filename="sw/airborne/arch/lpc21/usb_ser_hw.c">
			<Option compilerVar="CC" />
		</Unit>
		<Unit filename="sw/airborne/arch/lpc21/usb_tunnel.c">
			<Option compilerVar="CC" />
		</Unit>
		<Unit filename="sw/airborne/arch/sim/baro_MS5534A.h" />
		<Unit filename="sw/airborne/arch/sim/gpio.h" />
		<Unit filename="sw/airborne/arch/sim/gps_hw.c">
			<Option compilerVar="CC" />
		</Unit>
		<Unit filename="sw/airborne/arch/sim/gps_hw.h" />
		<Unit filename="sw/airborne/arch/sim/ivy_transport.c">
			<Option compilerVar="CC" />
		</Unit>
		<Unit filename="sw/airborne/arch/sim/ivy_transport.h" />
		<Unit filename="sw/airborne/arch/sim/jsbsim_gps.c">
			<Option compilerVar="CC" />
		</Unit>
		<Unit filename="sw/airborne/arch/sim/jsbsim_hw.c">
			<Option compilerVar="CC" />
		</Unit>
		<Unit filename="sw/airborne/arch/sim/jsbsim_hw.h" />
		<Unit filename="sw/airborne/arch/sim/jsbsim_ir.c">
			<Option compilerVar="CC" />
		</Unit>
		<Unit filename="sw/airborne/arch/sim/jsbsim_transport.c">
			<Option compilerVar="CC" />
		</Unit>
		<Unit filename="sw/airborne/arch/sim/led_hw.c">
			<Option compilerVar="CC" />
		</Unit>
		<Unit filename="sw/airborne/arch/sim/led_hw.h" />
		<Unit filename="sw/airborne/arch/sim/max1167_hw.c">
			<Option compilerVar="CC" />
		</Unit>
		<Unit filename="sw/airborne/arch/sim/max1167_hw.h" />
		<Unit filename="sw/airborne/arch/sim/mcu_arch.c">
			<Option compilerVar="CC" />
		</Unit>
		<Unit filename="sw/airborne/arch/sim/mcu_arch.h" />
		<Unit filename="sw/airborne/arch/sim/mcu_periph/adc_arch.c">
			<Option compilerVar="CC" />
		</Unit>
		<Unit filename="sw/airborne/arch/sim/mcu_periph/adc_arch.h" />
		<Unit filename="sw/airborne/arch/sim/mcu_periph/i2c_arch.c">
			<Option compilerVar="CC" />
		</Unit>
		<Unit filename="sw/airborne/arch/sim/mcu_periph/i2c_arch.h" />
		<Unit filename="sw/airborne/arch/sim/mcu_periph/spi_arch.c">
			<Option compilerVar="CC" />
		</Unit>
		<Unit filename="sw/airborne/arch/sim/mcu_periph/spi_arch.h" />
		<Unit filename="sw/airborne/arch/sim/mcu_periph/uart_arch.h" />
		<Unit filename="sw/airborne/arch/sim/micromag_hw.c">
			<Option compilerVar="CC" />
		</Unit>
		<Unit filename="sw/airborne/arch/sim/micromag_hw.h" />
		<Unit filename="sw/airborne/arch/sim/modules/core/trigger_ext_hw.c">
			<Option compilerVar="CC" />
		</Unit>
		<Unit filename="sw/airborne/arch/sim/modules/core/trigger_ext_hw.h" />
		<Unit filename="sw/airborne/arch/sim/modules/enose/sim_enose.c">
			<Option compilerVar="CC" />
		</Unit>
		<Unit filename="sw/airborne/arch/sim/peripherals/max1168_arch.c">
			<Option compilerVar="CC" />
		</Unit>
		<Unit filename="sw/airborne/arch/sim/peripherals/max1168_arch.h" />
		<Unit filename="sw/airborne/arch/sim/servos_nil.h" />
		<Unit filename="sw/airborne/arch/sim/sim_adc_generic.c">
			<Option compilerVar="CC" />
		</Unit>
		<Unit filename="sw/airborne/arch/sim/sim_analogimu.c">
			<Option compilerVar="CC" />
		</Unit>
		<Unit filename="sw/airborne/arch/sim/sim_ap.c">
			<Option compilerVar="CC" />
		</Unit>
		<Unit filename="sw/airborne/arch/sim/sim_baro.c">
			<Option compilerVar="CC" />
		</Unit>
		<Unit filename="sw/airborne/arch/sim/sim_gps.c">
			<Option compilerVar="CC" />
		</Unit>
		<Unit filename="sw/airborne/arch/sim/sim_ir.c">
			<Option compilerVar="CC" />
		</Unit>
		<Unit filename="sw/airborne/arch/sim/sim_jsbsim.c">
			<Option compilerVar="CC" />
		</Unit>
		<Unit filename="sw/airborne/arch/sim/sim_uart.c">
			<Option compilerVar="CC" />
		</Unit>
		<Unit filename="sw/airborne/arch/sim/sim_uart.h" />
		<Unit filename="sw/airborne/arch/sim/sim_uart_hw.c">
			<Option compilerVar="CC" />
		</Unit>
		<Unit filename="sw/airborne/arch/sim/subsystems/imu/imu_b2_arch.c">
			<Option compilerVar="CC" />
		</Unit>
		<Unit filename="sw/airborne/arch/sim/subsystems/imu/imu_b2_arch.h" />
		<Unit filename="sw/airborne/arch/sim/subsystems/imu/imu_crista_arch.c">
			<Option compilerVar="CC" />
		</Unit>
		<Unit filename="sw/airborne/arch/sim/subsystems/imu/imu_crista_arch.h" />
		<Unit filename="sw/airborne/arch/sim/subsystems/radio_control/ppm_arch.c">
			<Option compilerVar="CC" />
		</Unit>
		<Unit filename="sw/airborne/arch/sim/subsystems/radio_control/ppm_arch.h" />
		<Unit filename="sw/airborne/arch/sim/subsystems/radio_control/rc_datalink.c">
			<Option compilerVar="CC" />
		</Unit>
		<Unit filename="sw/airborne/arch/sim/sys_time_hw.h" />
		<Unit filename="sw/airborne/arch/stm32/gpio.h" />
		<Unit filename="sw/airborne/arch/stm32/gps_hw.h" />
		<Unit filename="sw/airborne/arch/stm32/interrupt_hw.h" />
		<Unit filename="sw/airborne/arch/stm32/led_hw.c">
			<Option compilerVar="CC" />
		</Unit>
		<Unit filename="sw/airborne/arch/stm32/led_hw.h" />
		<Unit filename="sw/airborne/arch/stm32/link_mcu_hw.h" />
		<Unit filename="sw/airborne/arch/stm32/mcu_arch.c">
			<Option compilerVar="CC" />
		</Unit>
		<Unit filename="sw/airborne/arch/stm32/mcu_arch.h" />
		<Unit filename="sw/airborne/arch/stm32/mcu_periph/adc_arch.c">
			<Option compilerVar="CC" />
		</Unit>
		<Unit filename="sw/airborne/arch/stm32/mcu_periph/adc_arch.h" />
		<Unit filename="sw/airborne/arch/stm32/mcu_periph/can_arch.c">
			<Option compilerVar="CC" />
		</Unit>
		<Unit filename="sw/airborne/arch/stm32/mcu_periph/can_arch.h" />
		<Unit filename="sw/airborne/arch/stm32/mcu_periph/i2c_arch.c">
			<Option compilerVar="CC" />
		</Unit>
		<Unit filename="sw/airborne/arch/stm32/mcu_periph/i2c_arch.h" />
		<Unit filename="sw/airborne/arch/stm32/mcu_periph/uart_arch.c">
			<Option compilerVar="CC" />
		</Unit>
		<Unit filename="sw/airborne/arch/stm32/mcu_periph/uart_arch.h" />
		<Unit filename="sw/airborne/arch/stm32/my_debug_servo.h" />
		<Unit filename="sw/airborne/arch/stm32/peripherals/hmc8543_arch.c">
			<Option compilerVar="CC" />
		</Unit>
		<Unit filename="sw/airborne/arch/stm32/peripherals/hmc8543_arch.h" />
		<Unit filename="sw/airborne/arch/stm32/peripherals/max1168_arch.c">
			<Option compilerVar="CC" />
		</Unit>
		<Unit filename="sw/airborne/arch/stm32/peripherals/max1168_arch.h" />
		<Unit filename="sw/airborne/arch/stm32/peripherals/ms2001_arch.c">
			<Option compilerVar="CC" />
		</Unit>
		<Unit filename="sw/airborne/arch/stm32/peripherals/ms2001_arch.h" />
		<Unit filename="sw/airborne/arch/stm32/peripherals/sc18is600_arch.c">
			<Option compilerVar="CC" />
		</Unit>
		<Unit filename="sw/airborne/arch/stm32/peripherals/sc18is600_arch.h" />
		<Unit filename="sw/airborne/arch/stm32/servos_direct_hw.c">
			<Option compilerVar="CC" />
		</Unit>
		<Unit filename="sw/airborne/arch/stm32/servos_direct_hw.h" />
		<Unit filename="sw/airborne/arch/stm32/stm32_exceptions.c">
			<Option compilerVar="CC" />
		</Unit>
		<Unit filename="sw/airborne/arch/stm32/stm32_exceptions.h" />
		<Unit filename="sw/airborne/arch/stm32/stm32_vector_table.c">
			<Option compilerVar="CC" />
		</Unit>
		<Unit filename="sw/airborne/arch/stm32/stm32_vector_table.h" />
		<Unit filename="sw/airborne/arch/stm32/subsystems/imu/imu_aspirin_arch.c">
			<Option compilerVar="CC" />
		</Unit>
		<Unit filename="sw/airborne/arch/stm32/subsystems/imu/imu_aspirin_arch.h" />
		<Unit filename="sw/airborne/arch/stm32/subsystems/imu/imu_b2_arch.c">
			<Option compilerVar="CC" />
		</Unit>
		<Unit filename="sw/airborne/arch/stm32/subsystems/imu/imu_b2_arch.h" />
		<Unit filename="sw/airborne/arch/stm32/subsystems/imu/imu_crista_arch.c">
			<Option compilerVar="CC" />
		</Unit>
		<Unit filename="sw/airborne/arch/stm32/subsystems/imu/imu_crista_arch.h" />
		<Unit filename="sw/airborne/arch/stm32/subsystems/radio_control/ppm_arch.c">
			<Option compilerVar="CC" />
		</Unit>
		<Unit filename="sw/airborne/arch/stm32/subsystems/radio_control/ppm_arch.h" />
		<Unit filename="sw/airborne/arch/stm32/subsystems/radio_control/spektrum_arch.c">
			<Option compilerVar="CC" />
		</Unit>
		<Unit filename="sw/airborne/arch/stm32/subsystems/radio_control/spektrum_arch.h" />
		<Unit filename="sw/airborne/arch/stm32/sys_time_hw.c">
			<Option compilerVar="CC" />
		</Unit>
		<Unit filename="sw/airborne/arch/stm32/sys_time_hw.h" />
		<Unit filename="sw/airborne/boards/beth.h" />
		<Unit filename="sw/airborne/boards/booz/baro_board.c">
			<Option compilerVar="CC" />
		</Unit>
		<Unit filename="sw/airborne/boards/booz/baro_board.h" />
		<Unit filename="sw/airborne/boards/booz/test_baro.c">
			<Option compilerVar="CC" />
		</Unit>
		<Unit filename="sw/airborne/boards/booz_1.0.h" />
		<Unit filename="sw/airborne/boards/classix_1.0.h" />
		<Unit filename="sw/airborne/boards/hb_1.1.h" />
		<Unit filename="sw/airborne/boards/lisa_l/baro_board.c">
			<Option compilerVar="CC" />
		</Unit>
		<Unit filename="sw/airborne/boards/lisa_l/baro_board.h" />
		<Unit filename="sw/airborne/boards/lisa_l/test_baro.c">
			<Option compilerVar="CC" />
		</Unit>
		<Unit filename="sw/airborne/boards/lisa_l_1.0.h" />
		<Unit filename="sw/airborne/boards/lisa_m_1.0.h" />
		<Unit filename="sw/airborne/boards/olimex_lpc_h2148.h" />
		<Unit filename="sw/airborne/boards/olimex_stm32-h103.h" />
		<Unit filename="sw/airborne/boards/pc/baro_board.c">
			<Option compilerVar="CC" />
		</Unit>
		<Unit filename="sw/airborne/boards/pc/baro_board.h" />
		<Unit filename="sw/airborne/boards/tiny_0.99.h" />
		<Unit filename="sw/airborne/boards/tiny_1.1.h" />
		<Unit filename="sw/airborne/boards/tiny_2.0.h" />
		<Unit filename="sw/airborne/boards/tiny_2.1.h" />
		<Unit filename="sw/airborne/boards/tiny_2.11.h" />
		<Unit filename="sw/airborne/boards/tiny_sense.h" />
		<Unit filename="sw/airborne/boards/twog_1.0.h" />
		<Unit filename="sw/airborne/booz/aerovinci/aerovinci_imu.h" />
		<Unit filename="sw/airborne/booz/aerovinci/aerovinci_interface.c">
			<Option compilerVar="CC" />
		</Unit>
		<Unit filename="sw/airborne/booz/arch/lpc21/booz2_analog_hw.c">
			<Option compilerVar="CC" />
		</Unit>
		<Unit filename="sw/airborne/booz/arch/lpc21/booz2_analog_hw.h" />
		<Unit filename="sw/airborne/booz/arch/lpc21/booz2_pwm_hw.c">
			<Option compilerVar="CC" />
		</Unit>
		<Unit filename="sw/airborne/booz/arch/lpc21/booz2_pwm_hw.h" />
		<Unit filename="sw/airborne/booz/arch/sim/booz2_analog_hw.c">
			<Option compilerVar="CC" />
		</Unit>
		<Unit filename="sw/airborne/booz/arch/sim/booz2_analog_hw.h" />
		<Unit filename="sw/airborne/booz/arch/sim/booz2_pwm_hw.c">
			<Option compilerVar="CC" />
		</Unit>
		<Unit filename="sw/airborne/booz/arch/sim/booz2_pwm_hw.h" />
		<Unit filename="sw/airborne/booz/arch/sim/booz2_unsimulated_peripherals.c">
			<Option compilerVar="CC" />
		</Unit>
		<Unit filename="sw/airborne/booz/arch/stm32/booz2_analog_hw.h" />
		<Unit filename="sw/airborne/booz/booz2_analog.c">
			<Option compilerVar="CC" />
		</Unit>
		<Unit filename="sw/airborne/booz/booz2_analog.h" />
		<Unit filename="sw/airborne/booz/booz2_commands.c">
			<Option compilerVar="CC" />
		</Unit>
		<Unit filename="sw/airborne/booz/booz2_commands.h" />
		<Unit filename="sw/airborne/booz/booz2_datalink.c">
			<Option compilerVar="CC" />
		</Unit>
		<Unit filename="sw/airborne/booz/booz_gps.c">
			<Option compilerVar="CC" />
		</Unit>
		<Unit filename="sw/airborne/booz/booz_gps.h" />
		<Unit filename="sw/airborne/booz/gps/booz_gps_skytraq.c">
			<Option compilerVar="CC" />
		</Unit>
		<Unit filename="sw/airborne/booz/gps/booz_gps_skytraq.h" />
		<Unit filename="sw/airborne/booz/gps/booz_gps_ubx.c">
			<Option compilerVar="CC" />
		</Unit>
		<Unit filename="sw/airborne/booz/gps/booz_gps_ubx.h" />
		<Unit filename="sw/airborne/booz/test/booz2_test_buss_bldc_hexa.c">
			<Option compilerVar="CC" />
		</Unit>
		<Unit filename="sw/airborne/booz/test/booz2_test_buss_bldc_hexa.h" />
		<Unit filename="sw/airborne/booz/test/booz2_test_crista.c">
			<Option compilerVar="CC" />
		</Unit>
		<Unit filename="sw/airborne/booz/test/booz2_test_gps.c">
			<Option compilerVar="CC" />
		</Unit>
		<Unit filename="sw/airborne/booz/test/booz2_test_led.c">
			<Option compilerVar="CC" />
		</Unit>
		<Unit filename="sw/airborne/booz/test/booz2_test_max1168.c">
			<Option compilerVar="CC" />
		</Unit>
		<Unit filename="sw/airborne/booz/test/booz2_test_mc.c">
			<Option compilerVar="CC" />
		</Unit>
		<Unit filename="sw/airborne/booz/test/booz2_test_micromag.c">
			<Option compilerVar="CC" />
		</Unit>
		<Unit filename="sw/airborne/booz/test/booz2_test_modem.c">
			<Option compilerVar="CC" />
		</Unit>
		<Unit filename="sw/airborne/booz/test/booz2_test_radio_control.c">
			<Option compilerVar="CC" />
		</Unit>
		<Unit filename="sw/airborne/booz/test/booz2_test_rc.c">
			<Option compilerVar="CC" />
		</Unit>
		<Unit filename="sw/airborne/booz/test/booz2_test_usb.c">
			<Option compilerVar="CC" />
		</Unit>
		<Unit filename="sw/airborne/booz/test/booz2_tunnel.c">
			<Option compilerVar="CC" />
		</Unit>
		<Unit filename="sw/airborne/booz/test/booz2_tunnel_bb.c">
			<Option compilerVar="CC" />
		</Unit>
		<Unit filename="sw/airborne/booz/test/booz_test_imu.c">
			<Option compilerVar="CC" />
		</Unit>
		<Unit filename="sw/airborne/booz/test/booz_test_telemetry.c">
			<Option compilerVar="CC" />
		</Unit>
		<Unit filename="sw/airborne/booz/test/imu_dummy.c">
			<Option compilerVar="CC" />
		</Unit>
		<Unit filename="sw/airborne/booz/test/imu_dummy.h" />
		<Unit filename="sw/airborne/booz/test/test_mlkf.c">
			<Option compilerVar="CC" />
		</Unit>
		<Unit filename="sw/airborne/booz/test/test_scaling.c">
			<Option compilerVar="CC" />
		</Unit>
		<Unit filename="sw/airborne/booz/test/test_vg_adpt.c">
			<Option compilerVar="CC" />
		</Unit>
		<Unit filename="sw/airborne/booz/test/test_vg_ref.c">
			<Option compilerVar="CC" />
		</Unit>
		<Unit filename="sw/airborne/chemotaxis.c">
			<Option compilerVar="CC" />
		</Unit>
		<Unit filename="sw/airborne/chemotaxis.h" />
		<Unit filename="sw/airborne/commands.c">
			<Option compilerVar="CC" />
		</Unit>
		<Unit filename="sw/airborne/commands.h" />
		<Unit filename="sw/airborne/csc/arm7/buss_twi_blmc_hw.c">
			<Option compilerVar="CC" />
		</Unit>
		<Unit filename="sw/airborne/csc/arm7/buss_twi_blmc_hw.h" />
		<Unit filename="sw/airborne/csc/arm7/props_csc.c">
			<Option compilerVar="CC" />
		</Unit>
		<Unit filename="sw/airborne/csc/arm7/props_csc.h" />
		<Unit filename="sw/airborne/csc/csc_adc.c">
			<Option compilerVar="CC" />
		</Unit>
		<Unit filename="sw/airborne/csc/csc_adc.h" />
		<Unit filename="sw/airborne/csc/csc_airspeed.c">
			<Option compilerVar="CC" />
		</Unit>
		<Unit filename="sw/airborne/csc/csc_airspeed.h" />
		<Unit filename="sw/airborne/csc/csc_ap_link.c">
			<Option compilerVar="CC" />
		</Unit>
		<Unit filename="sw/airborne/csc/csc_ap_link.h" />
		<Unit filename="sw/airborne/csc/csc_ap_main.c">
			<Option compilerVar="CC" />
		</Unit>
		<Unit filename="sw/airborne/csc/csc_ap_main.h" />
		<Unit filename="sw/airborne/csc/csc_autopilot.c">
			<Option compilerVar="CC" />
		</Unit>
		<Unit filename="sw/airborne/csc/csc_autopilot.h" />
		<Unit filename="sw/airborne/csc/csc_baro.c">
			<Option compilerVar="CC" />
		</Unit>
		<Unit filename="sw/airborne/csc/csc_baro.h" />
		<Unit filename="sw/airborne/csc/csc_can.c">
			<Option compilerVar="CC" />
		</Unit>
		<Unit filename="sw/airborne/csc/csc_can.h" />
		<Unit filename="sw/airborne/csc/csc_datalink.c">
			<Option compilerVar="CC" />
		</Unit>
		<Unit filename="sw/airborne/csc/csc_main.c">
			<Option compilerVar="CC" />
		</Unit>
		<Unit filename="sw/airborne/csc/csc_main.h" />
		<Unit filename="sw/airborne/csc/csc_me4_link.c">
			<Option compilerVar="CC" />
		</Unit>
		<Unit filename="sw/airborne/csc/csc_me4_link.h" />
		<Unit filename="sw/airborne/csc/csc_msg_def.h" />
		<Unit filename="sw/airborne/csc/csc_protocol.c">
			<Option compilerVar="CC" />
		</Unit>
		<Unit filename="sw/airborne/csc/csc_protocol.h" />
		<Unit filename="sw/airborne/csc/csc_rc_spektrum.c">
			<Option compilerVar="CC" />
		</Unit>
		<Unit filename="sw/airborne/csc/csc_rc_spektrum.h" />
		<Unit filename="sw/airborne/csc/csc_servos.c">
			<Option compilerVar="CC" />
		</Unit>
		<Unit filename="sw/airborne/csc/csc_servos.h" />
		<Unit filename="sw/airborne/csc/csc_telemetry.c">
			<Option compilerVar="CC" />
		</Unit>
		<Unit filename="sw/airborne/csc/csc_telemetry.h" />
		<Unit filename="sw/airborne/csc/csc_throttle.c">
			<Option compilerVar="CC" />
		</Unit>
		<Unit filename="sw/airborne/csc/csc_throttle.h" />
		<Unit filename="sw/airborne/csc/csc_vane.c">
			<Option compilerVar="CC" />
		</Unit>
		<Unit filename="sw/airborne/csc/csc_vane.h" />
		<Unit filename="sw/airborne/csc/csc_xsens.c">
			<Option compilerVar="CC" />
		</Unit>
		<Unit filename="sw/airborne/csc/csc_xsens.h" />
		<Unit filename="sw/airborne/csc/mercury_ap.c">
			<Option compilerVar="CC" />
		</Unit>
		<Unit filename="sw/airborne/csc/mercury_ap.h" />
		<Unit filename="sw/airborne/csc/mercury_csc_main.c">
			<Option compilerVar="CC" />
		</Unit>
		<Unit filename="sw/airborne/csc/mercury_main.c">
			<Option compilerVar="CC" />
		</Unit>
		<Unit filename="sw/airborne/csc/mercury_supervision.h" />
		<Unit filename="sw/airborne/csc/mercury_xsens.c">
			<Option compilerVar="CC" />
		</Unit>
		<Unit filename="sw/airborne/csc/mercury_xsens.h" />
		<Unit filename="sw/airborne/csc/ppm_bridge_main.c">
			<Option compilerVar="CC" />
		</Unit>
		<Unit filename="sw/airborne/datalink.c">
			<Option compilerVar="CC" />
		</Unit>
		<Unit filename="sw/airborne/datalink.h" />
		<Unit filename="sw/airborne/downlink.c">
			<Option compilerVar="CC" />
		</Unit>
		<Unit filename="sw/airborne/downlink.h" />
		<Unit filename="sw/airborne/downlink_transport.h" />
		<Unit filename="sw/airborne/estimator.c">
			<Option compilerVar="CC" />
		</Unit>
		<Unit filename="sw/airborne/estimator.h" />
		<Unit filename="sw/airborne/fbw_downlink.h" />
		<Unit filename="sw/airborne/firmwares/beth/bench_sensors.h" />
		<Unit filename="sw/airborne/firmwares/beth/bench_sensors_can.c">
			<Option compilerVar="CC" />
		</Unit>
		<Unit filename="sw/airborne/firmwares/beth/bench_sensors_i2c.c">
			<Option compilerVar="CC" />
		</Unit>
		<Unit filename="sw/airborne/firmwares/beth/gps_hw.h" />
		<Unit filename="sw/airborne/firmwares/beth/main_beth.c">
			<Option compilerVar="CC" />
		</Unit>
		<Unit filename="sw/airborne/firmwares/beth/main_coders.c">
			<Option compilerVar="CC" />
		</Unit>
		<Unit filename="sw/airborne/firmwares/beth/main_overo.c">
			<Option compilerVar="CC" />
		</Unit>
		<Unit filename="sw/airborne/firmwares/beth/main_stm32.c">
			<Option compilerVar="CC" />
		</Unit>
		<Unit filename="sw/airborne/firmwares/beth/overo_controller.c">
			<Option compilerVar="CC" />
		</Unit>
		<Unit filename="sw/airborne/firmwares/beth/overo_controller.h" />
		<Unit filename="sw/airborne/firmwares/beth/overo_estimator.c">
			<Option compilerVar="CC" />
		</Unit>
		<Unit filename="sw/airborne/firmwares/beth/overo_estimator.h" />
		<Unit filename="sw/airborne/firmwares/beth/overo_file_logger.c">
			<Option compilerVar="CC" />
		</Unit>
		<Unit filename="sw/airborne/firmwares/beth/overo_file_logger.h" />
		<Unit filename="sw/airborne/firmwares/beth/overo_gcs_com.c">
			<Option compilerVar="CC" />
		</Unit>
		<Unit filename="sw/airborne/firmwares/beth/overo_gcs_com.h" />
		<Unit filename="sw/airborne/firmwares/beth/overo_sfb_controller.c">
			<Option compilerVar="CC" />
		</Unit>
		<Unit filename="sw/airborne/firmwares/beth/overo_sfb_controller.h" />
		<Unit filename="sw/airborne/firmwares/beth/overo_test_uart.c">
			<Option compilerVar="CC" />
		</Unit>
		<Unit filename="sw/airborne/firmwares/beth/overo_twist_controller.c">
			<Option compilerVar="CC" />
		</Unit>
		<Unit filename="sw/airborne/firmwares/beth/overo_twist_controller.h" />
		<Unit filename="sw/airborne/firmwares/beth/rcv_telemetry.c">
			<Option compilerVar="CC" />
		</Unit>
		<Unit filename="sw/airborne/firmwares/beth/sys_time_hw.h" />
		<Unit filename="sw/airborne/firmwares/beth/uart_hw.c">
			<Option compilerVar="CC" />
		</Unit>
		<Unit filename="sw/airborne/firmwares/beth/uart_hw.h" />
		<Unit filename="sw/airborne/firmwares/fixedwing/actuators.h" />
		<Unit filename="sw/airborne/firmwares/fixedwing/autopilot.h" />
		<Unit filename="sw/airborne/firmwares/fixedwing/guidance/guidance_v.c">
			<Option compilerVar="CC" />
		</Unit>
		<Unit filename="sw/airborne/firmwares/fixedwing/guidance/guidance_v.h" />
		<Unit filename="sw/airborne/firmwares/fixedwing/guidance/guidance_v_n.c">
			<Option compilerVar="CC" />
		</Unit>
		<Unit filename="sw/airborne/firmwares/fixedwing/guidance/guidance_v_n.h" />
		<Unit filename="sw/airborne/firmwares/fixedwing/main.c">
			<Option compilerVar="CC" />
		</Unit>
		<Unit filename="sw/airborne/firmwares/fixedwing/main_ap.c">
			<Option compilerVar="CC" />
		</Unit>
		<Unit filename="sw/airborne/firmwares/fixedwing/main_ap.h" />
		<Unit filename="sw/airborne/firmwares/fixedwing/main_fbw.c">
			<Option compilerVar="CC" />
		</Unit>
		<Unit filename="sw/airborne/firmwares/fixedwing/main_fbw.h" />
		<Unit filename="sw/airborne/firmwares/fixedwing/stabilization/stabilization_adaptive.c">
			<Option compilerVar="CC" />
		</Unit>
		<Unit filename="sw/airborne/firmwares/fixedwing/stabilization/stabilization_adaptive.h" />
		<Unit filename="sw/airborne/firmwares/fixedwing/stabilization/stabilization_attitude.c">
			<Option compilerVar="CC" />
		</Unit>
		<Unit filename="sw/airborne/firmwares/fixedwing/stabilization/stabilization_attitude.h" />
		<Unit filename="sw/airborne/firmwares/logger/main_logger.c">
			<Option compilerVar="CC" />
		</Unit>
		<Unit filename="sw/airborne/firmwares/motor_bench/main_motor_bench.c">
			<Option compilerVar="CC" />
		</Unit>
		<Unit filename="sw/airborne/firmwares/motor_bench/main_turntable.c">
			<Option compilerVar="CC" />
		</Unit>
		<Unit filename="sw/airborne/firmwares/motor_bench/mb_current.c">
			<Option compilerVar="CC" />
		</Unit>
		<Unit filename="sw/airborne/firmwares/motor_bench/mb_current.h" />
		<Unit filename="sw/airborne/firmwares/motor_bench/mb_modes.c">
			<Option compilerVar="CC" />
		</Unit>
		<Unit filename="sw/airborne/firmwares/motor_bench/mb_modes.h" />
		<Unit filename="sw/airborne/firmwares/motor_bench/mb_scale.c">
			<Option compilerVar="CC" />
		</Unit>
		<Unit filename="sw/airborne/firmwares/motor_bench/mb_scale.h" />
		<Unit filename="sw/airborne/firmwares/motor_bench/mb_servo.c">
			<Option compilerVar="CC" />
		</Unit>
		<Unit filename="sw/airborne/firmwares/motor_bench/mb_servo.h" />
		<Unit filename="sw/airborne/firmwares/motor_bench/mb_tacho.c">
			<Option compilerVar="CC" />
		</Unit>
		<Unit filename="sw/airborne/firmwares/motor_bench/mb_tacho.h" />
		<Unit filename="sw/airborne/firmwares/motor_bench/mb_twi_controller.c">
			<Option compilerVar="CC" />
		</Unit>
		<Unit filename="sw/airborne/firmwares/motor_bench/mb_twi_controller.h" />
		<Unit filename="sw/airborne/firmwares/motor_bench/mb_twi_controller_asctech.c">
			<Option compilerVar="CC" />
		</Unit>
		<Unit filename="sw/airborne/firmwares/motor_bench/mb_twi_controller_asctech.h" />
		<Unit filename="sw/airborne/firmwares/motor_bench/mb_twi_controller_mkk.c">
			<Option compilerVar="CC" />
		</Unit>
		<Unit filename="sw/airborne/firmwares/motor_bench/mb_twi_controller_mkk.h" />
		<Unit filename="sw/airborne/firmwares/motor_bench/turntable_systime.c">
			<Option compilerVar="CC" />
		</Unit>
		<Unit filename="sw/airborne/firmwares/non_ap/led_flasher/blitzer.c">
			<Option compilerVar="CC" />
		</Unit>
		<Unit filename="sw/airborne/firmwares/rotorcraft/actuators.h" />
		<Unit filename="sw/airborne/firmwares/rotorcraft/actuators/actuators_asctec.c">
			<Option compilerVar="CC" />
		</Unit>
		<Unit filename="sw/airborne/firmwares/rotorcraft/actuators/actuators_asctec.h" />
		<Unit filename="sw/airborne/firmwares/rotorcraft/actuators/actuators_heli.c">
			<Option compilerVar="CC" />
		</Unit>
		<Unit filename="sw/airborne/firmwares/rotorcraft/actuators/actuators_heli.h" />
		<Unit filename="sw/airborne/firmwares/rotorcraft/actuators/actuators_mkk.c">
			<Option compilerVar="CC" />
		</Unit>
		<Unit filename="sw/airborne/firmwares/rotorcraft/actuators/actuators_mkk.h" />
		<Unit filename="sw/airborne/firmwares/rotorcraft/actuators/actuators_pwm.c">
			<Option compilerVar="CC" />
		</Unit>
		<Unit filename="sw/airborne/firmwares/rotorcraft/actuators/actuators_pwm.h" />
		<Unit filename="sw/airborne/firmwares/rotorcraft/actuators/arch/sim/actuators_mkk_arch.c">
			<Option compilerVar="CC" />
		</Unit>
		<Unit filename="sw/airborne/firmwares/rotorcraft/actuators/arch/sim/actuators_mkk_arch.h" />
		<Unit filename="sw/airborne/firmwares/rotorcraft/actuators/arch/stm32/actuators_pwm_arch.c">
			<Option compilerVar="CC" />
		</Unit>
		<Unit filename="sw/airborne/firmwares/rotorcraft/actuators/arch/stm32/actuators_pwm_arch.h" />
		<Unit filename="sw/airborne/firmwares/rotorcraft/actuators/supervision.c">
			<Option compilerVar="CC" />
		</Unit>
		<Unit filename="sw/airborne/firmwares/rotorcraft/actuators/supervision.h" />
		<Unit filename="sw/airborne/firmwares/rotorcraft/autopilot.c">
			<Option compilerVar="CC" />
		</Unit>
		<Unit filename="sw/airborne/firmwares/rotorcraft/autopilot.h" />
		<Unit filename="sw/airborne/firmwares/rotorcraft/battery.c">
			<Option compilerVar="CC" />
		</Unit>
		<Unit filename="sw/airborne/firmwares/rotorcraft/battery.h" />
		<Unit filename="sw/airborne/firmwares/rotorcraft/guidance.h" />
		<Unit filename="sw/airborne/firmwares/rotorcraft/guidance/guidance_h.c">
			<Option compilerVar="CC" />
		</Unit>
		<Unit filename="sw/airborne/firmwares/rotorcraft/guidance/guidance_h.h" />
		<Unit filename="sw/airborne/firmwares/rotorcraft/guidance/guidance_h_ref.h" />
		<Unit filename="sw/airborne/firmwares/rotorcraft/guidance/guidance_v.c">
			<Option compilerVar="CC" />
		</Unit>
		<Unit filename="sw/airborne/firmwares/rotorcraft/guidance/guidance_v.h" />
		<Unit filename="sw/airborne/firmwares/rotorcraft/guidance/guidance_v_adpt.h" />
		<Unit filename="sw/airborne/firmwares/rotorcraft/guidance/guidance_v_ref.h" />
		<Unit filename="sw/airborne/firmwares/rotorcraft/main.c">
			<Option compilerVar="CC" />
		</Unit>
		<Unit filename="sw/airborne/firmwares/rotorcraft/main.h" />
		<Unit filename="sw/airborne/firmwares/rotorcraft/navigation.c">
			<Option compilerVar="CC" />
		</Unit>
		<Unit filename="sw/airborne/firmwares/rotorcraft/navigation.h" />
		<Unit filename="sw/airborne/firmwares/rotorcraft/stabilization.c">
			<Option compilerVar="CC" />
		</Unit>
		<Unit filename="sw/airborne/firmwares/rotorcraft/stabilization.h" />
		<Unit filename="sw/airborne/firmwares/rotorcraft/stabilization/stabilization_attitude.h" />
		<Unit filename="sw/airborne/firmwares/rotorcraft/stabilization/stabilization_attitude_euler_float.c">
			<Option compilerVar="CC" />
		</Unit>
		<Unit filename="sw/airborne/firmwares/rotorcraft/stabilization/stabilization_attitude_euler_int.c">
			<Option compilerVar="CC" />
		</Unit>
		<Unit filename="sw/airborne/firmwares/rotorcraft/stabilization/stabilization_attitude_float.h" />
		<Unit filename="sw/airborne/firmwares/rotorcraft/stabilization/stabilization_attitude_int.h" />
		<Unit filename="sw/airborne/firmwares/rotorcraft/stabilization/stabilization_attitude_quat_float.c">
			<Option compilerVar="CC" />
		</Unit>
		<Unit filename="sw/airborne/firmwares/rotorcraft/stabilization/stabilization_attitude_ref.h" />
		<Unit filename="sw/airborne/firmwares/rotorcraft/stabilization/stabilization_attitude_ref_euler_float.c">
			<Option compilerVar="CC" />
		</Unit>
		<Unit filename="sw/airborne/firmwares/rotorcraft/stabilization/stabilization_attitude_ref_euler_float.h" />
		<Unit filename="sw/airborne/firmwares/rotorcraft/stabilization/stabilization_attitude_ref_euler_int.c">
			<Option compilerVar="CC" />
		</Unit>
		<Unit filename="sw/airborne/firmwares/rotorcraft/stabilization/stabilization_attitude_ref_euler_int.h" />
		<Unit filename="sw/airborne/firmwares/rotorcraft/stabilization/stabilization_attitude_ref_float.h" />
		<Unit filename="sw/airborne/firmwares/rotorcraft/stabilization/stabilization_attitude_ref_int.h" />
		<Unit filename="sw/airborne/firmwares/rotorcraft/stabilization/stabilization_attitude_ref_quat_float.c">
			<Option compilerVar="CC" />
		</Unit>
		<Unit filename="sw/airborne/firmwares/rotorcraft/stabilization/stabilization_attitude_ref_quat_float.h" />
		<Unit filename="sw/airborne/firmwares/rotorcraft/stabilization/stabilization_rate.c">
			<Option compilerVar="CC" />
		</Unit>
		<Unit filename="sw/airborne/firmwares/rotorcraft/stabilization/stabilization_rate.h" />
		<Unit filename="sw/airborne/firmwares/rotorcraft/telemetry.c">
			<Option compilerVar="CC" />
		</Unit>
		<Unit filename="sw/airborne/firmwares/rotorcraft/telemetry.h" />
		<Unit filename="sw/airborne/firmwares/setup/setup_actuators.c">
			<Option compilerVar="CC" />
		</Unit>
		<Unit filename="sw/airborne/firmwares/tutorial/main_demo1.c">
			<Option compilerVar="CC" />
		</Unit>
		<Unit filename="sw/airborne/firmwares/tutorial/main_demo2.c">
			<Option compilerVar="CC" />
		</Unit>
		<Unit filename="sw/airborne/firmwares/tutorial/main_demo3.c">
			<Option compilerVar="CC" />
		</Unit>
		<Unit filename="sw/airborne/firmwares/tutorial/main_demo4.c">
			<Option compilerVar="CC" />
		</Unit>
		<Unit filename="sw/airborne/firmwares/tutorial/main_demo5.c">
			<Option compilerVar="CC" />
		</Unit>
		<Unit filename="sw/airborne/firmwares/tutorial/main_demo6.c">
			<Option compilerVar="CC" />
		</Unit>
		<Unit filename="sw/airborne/firmwares/vor/i86_vor_audio.h" />
		<Unit filename="sw/airborne/firmwares/vor/i86_vor_test_filters.c">
			<Option compilerVar="CC" />
		</Unit>
		<Unit filename="sw/airborne/firmwares/vor/i86_vor_test_float_demod.c">
			<Option compilerVar="CC" />
		</Unit>
		<Unit filename="sw/airborne/firmwares/vor/i86_vor_test_int_demod.c">
			<Option compilerVar="CC" />
		</Unit>
		<Unit filename="sw/airborne/firmwares/vor/i86_vor_test_int_demod_decim.c">
			<Option compilerVar="CC" />
		</Unit>
		<Unit filename="sw/airborne/firmwares/vor/lo.h" />
		<Unit filename="sw/airborne/firmwares/vor/lpc_vor_convertions.c">
			<Option compilerVar="CC" />
		</Unit>
		<Unit filename="sw/airborne/firmwares/vor/lpc_vor_convertions.h" />
		<Unit filename="sw/airborne/firmwares/vor/lpc_vor_main.c">
			<Option compilerVar="CC" />
		</Unit>
		<Unit filename="sw/airborne/firmwares/vor/vor_float_demod.c">
			<Option compilerVar="CC" />
		</Unit>
		<Unit filename="sw/airborne/firmwares/vor/vor_float_demod.h" />
		<Unit filename="sw/airborne/firmwares/vor/vor_float_filters.h" />
		<Unit filename="sw/airborne/firmwares/vor/vor_int_demod.c">
			<Option compilerVar="CC" />
		</Unit>
		<Unit filename="sw/airborne/firmwares/vor/vor_int_demod.h" />
		<Unit filename="sw/airborne/firmwares/vor/vor_int_demod_decim.c">
			<Option compilerVar="CC" />
		</Unit>
		<Unit filename="sw/airborne/firmwares/vor/vor_int_demod_decim.h" />
		<Unit filename="sw/airborne/firmwares/vor/vor_int_filters.h" />
		<Unit filename="sw/airborne/firmwares/vor/vor_int_filters_decim.h" />
		<Unit filename="sw/airborne/firmwares/wind_tunnel/main.c">
			<Option compilerVar="CC" />
		</Unit>
		<Unit filename="sw/airborne/firmwares/wind_tunnel/main_mb.c">
			<Option compilerVar="CC" />
		</Unit>
		<Unit filename="sw/airborne/firmwares/wind_tunnel/wt_baro.c">
			<Option compilerVar="CC" />
		</Unit>
		<Unit filename="sw/airborne/firmwares/wind_tunnel/wt_baro.h" />
		<Unit filename="sw/airborne/firmwares/wind_tunnel/wt_servo.c">
			<Option compilerVar="CC" />
		</Unit>
		<Unit filename="sw/airborne/firmwares/wind_tunnel/wt_servo.h" />
		<Unit filename="sw/airborne/fms/fms_autopilot_msg.h" />
		<Unit filename="sw/airborne/fms/fms_debug.h" />
		<Unit filename="sw/airborne/fms/fms_gs_com.c">
			<Option compilerVar="CC" />
		</Unit>
		<Unit filename="sw/airborne/fms/fms_gs_com.h" />
		<Unit filename="sw/airborne/fms/fms_network.c">
			<Option compilerVar="CC" />
		</Unit>
		<Unit filename="sw/airborne/fms/fms_network.h" />
		<Unit filename="sw/airborne/fms/fms_periodic.c">
			<Option compilerVar="CC" />
		</Unit>
		<Unit filename="sw/airborne/fms/fms_periodic.h" />
		<Unit filename="sw/airborne/fms/fms_serial_port.c">
			<Option compilerVar="CC" />
		</Unit>
		<Unit filename="sw/airborne/fms/fms_serial_port.h" />
		<Unit filename="sw/airborne/fms/fms_spi_autopilot_msg.c">
			<Option compilerVar="CC" />
		</Unit>
		<Unit filename="sw/airborne/fms/fms_spi_autopilot_msg.h" />
		<Unit filename="sw/airborne/fms/fms_spi_link.c">
			<Option compilerVar="CC" />
		</Unit>
		<Unit filename="sw/airborne/fms/fms_spi_link.h" />
		<Unit filename="sw/airborne/fms/fms_spistream.h" />
		<Unit filename="sw/airborne/fms/fms_spistream_client.c">
			<Option compilerVar="CC" />
		</Unit>
		<Unit filename="sw/airborne/fms/fms_spistream_daemon.c">
			<Option compilerVar="CC" />
		</Unit>
		<Unit filename="sw/airborne/fms/fms_test_datalink.c">
			<Option compilerVar="CC" />
		</Unit>
		<Unit filename="sw/airborne/fms/libeknav/assertions.hpp" />
		<Unit filename="sw/airborne/fms/libeknav/basic_ins_qkf.cpp" />
		<Unit filename="sw/airborne/fms/libeknav/estimate_attitude.c">
			<Option compilerVar="CC" />
		</Unit>
		<Unit filename="sw/airborne/fms/libeknav/estimate_attitude.h" />
		<Unit filename="sw/airborne/fms/libeknav/ins_qkf.hpp" />
		<Unit filename="sw/airborne/fms/libeknav/ins_qkf_observe_gps_p.cpp" />
		<Unit filename="sw/airborne/fms/libeknav/ins_qkf_observe_gps_pvt.cpp" />
		<Unit filename="sw/airborne/fms/libeknav/ins_qkf_observe_vector.cpp" />
		<Unit filename="sw/airborne/fms/libeknav/ins_qkf_predict.cpp" />
		<Unit filename="sw/airborne/fms/libeknav/libeknav_from_log.cpp" />
		<Unit filename="sw/airborne/fms/libeknav/libeknav_from_log.hpp" />
		<Unit filename="sw/airborne/fms/libeknav/paparazzi_eigen_conversion.h" />
		<Unit filename="sw/airborne/fms/libeknav/quaternions.hpp" />
		<Unit filename="sw/airborne/fms/libeknav/raw_log.h" />
		<Unit filename="sw/airborne/fms/libeknav/raw_log_to_ascii.c">
			<Option compilerVar="CC" />
		</Unit>
		<Unit filename="sw/airborne/fms/libeknav/test_libeknav_1.cpp" />
		<Unit filename="sw/airborne/fms/libeknav/test_libeknav_2.cpp" />
		<Unit filename="sw/airborne/fms/libeknav/test_libeknav_3.cpp" />
		<Unit filename="sw/airborne/fms/libeknav/test_libeknav_4.cpp" />
		<Unit filename="sw/airborne/fms/libeknav/test_libeknav_4.hpp" />
		<Unit filename="sw/airborne/fms/lpc_test_spi.c">
			<Option compilerVar="CC" />
		</Unit>
		<Unit filename="sw/airborne/fms/onboard_logger.c">
			<Option compilerVar="CC" />
		</Unit>
		<Unit filename="sw/airborne/fms/onboard_transport.c">
			<Option compilerVar="CC" />
		</Unit>
		<Unit filename="sw/airborne/fms/onboard_transport.h" />
		<Unit filename="sw/airborne/fms/overo_blmc_calibrate.c">
			<Option compilerVar="CC" />
		</Unit>
		<Unit filename="sw/airborne/fms/overo_blmc_calibrate.h" />
		<Unit filename="sw/airborne/fms/overo_test_gps_passthrough.c">
			<Option compilerVar="CC" />
		</Unit>
		<Unit filename="sw/airborne/fms/overo_test_passthrough.c">
			<Option compilerVar="CC" />
		</Unit>
		<Unit filename="sw/airborne/fms/overo_test_passthrough.h" />
		<Unit filename="sw/airborne/fms/overo_test_passthrough_telemetry.h" />
		<Unit filename="sw/airborne/fms/overo_test_periodic.c">
			<Option compilerVar="CC" />
		</Unit>
		<Unit filename="sw/airborne/fms/overo_test_spi_link.c">
			<Option compilerVar="CC" />
		</Unit>
		<Unit filename="sw/airborne/fms/overo_test_telemetry.c">
			<Option compilerVar="CC" />
		</Unit>
		<Unit filename="sw/airborne/fms/overo_test_telemetry2.c">
			<Option compilerVar="CC" />
		</Unit>
		<Unit filename="sw/airborne/fms/packet_header.h" />
		<Unit filename="sw/airborne/fms/test_telemetry.c">
			<Option compilerVar="CC" />
		</Unit>
		<Unit filename="sw/airborne/fms/test_telemetry_2.c">
			<Option compilerVar="CC" />
		</Unit>
		<Unit filename="sw/airborne/fms/udp_transport.c">
			<Option compilerVar="CC" />
		</Unit>
		<Unit filename="sw/airborne/fms/udp_transport.h" />
		<Unit filename="sw/airborne/fms/udp_transport2.c">
			<Option compilerVar="CC" />
		</Unit>
		<Unit filename="sw/airborne/fms/udp_transport2.h" />
		<Unit filename="sw/airborne/gps.c">
			<Option compilerVar="CC" />
		</Unit>
		<Unit filename="sw/airborne/gps.h" />
		<Unit filename="sw/airborne/gps_nmea.c">
			<Option compilerVar="CC" />
		</Unit>
		<Unit filename="sw/airborne/gps_ubx.c">
			<Option compilerVar="CC" />
		</Unit>
		<Unit filename="sw/airborne/gps_ubx.h" />
		<Unit filename="sw/airborne/gps_xsens.c">
			<Option compilerVar="CC" />
		</Unit>
		<Unit filename="sw/airborne/gps_xsens.h" />
		<Unit filename="sw/airborne/gyro.c">
			<Option compilerVar="CC" />
		</Unit>
		<Unit filename="sw/airborne/gyro.h" />
		<Unit filename="sw/airborne/inter_mcu.c">
			<Option compilerVar="CC" />
		</Unit>
		<Unit filename="sw/airborne/inter_mcu.h" />
		<Unit filename="sw/airborne/joystick.c">
			<Option compilerVar="CC" />
		</Unit>
		<Unit filename="sw/airborne/joystick.h" />
		<Unit filename="sw/airborne/latlong.c">
			<Option compilerVar="CC" />
		</Unit>
		<Unit filename="sw/airborne/latlong.h" />
		<Unit filename="sw/airborne/led.h" />
		<Unit filename="sw/airborne/link_mcu.c">
			<Option compilerVar="CC" />
		</Unit>
		<Unit filename="sw/airborne/link_mcu.h" />
		<Unit filename="sw/airborne/lisa/arch/stm32/lisa_overo_link_arch.c">
			<Option compilerVar="CC" />
		</Unit>
		<Unit filename="sw/airborne/lisa/arch/stm32/lisa_overo_link_arch.h" />
		<Unit filename="sw/airborne/lisa/lisa_analog_plug.c">
			<Option compilerVar="CC" />
		</Unit>
		<Unit filename="sw/airborne/lisa/lisa_overo_link.c">
			<Option compilerVar="CC" />
		</Unit>
		<Unit filename="sw/airborne/lisa/lisa_overo_link.h" />
		<Unit filename="sw/airborne/lisa/lisa_spistream.h" />
		<Unit filename="sw/airborne/lisa/lisa_stm_gps_passthrough_main.c">
			<Option compilerVar="CC" />
		</Unit>
		<Unit filename="sw/airborne/lisa/lisa_stm_passthrough_main.c">
			<Option compilerVar="CC" />
		</Unit>
		<Unit filename="sw/airborne/lisa/plug_sys.c">
			<Option compilerVar="CC" />
		</Unit>
		<Unit filename="sw/airborne/lisa/stm_test_spi_link.c">
			<Option compilerVar="CC" />
		</Unit>
		<Unit filename="sw/airborne/lisa/test/hs_gyro.c">
			<Option compilerVar="CC" />
		</Unit>
		<Unit filename="sw/airborne/lisa/test/lisa_test_actuators_mkk.c">
			<Option compilerVar="CC" />
		</Unit>
		<Unit filename="sw/airborne/lisa/test/lisa_test_adxl345.c">
			<Option compilerVar="CC" />
		</Unit>
		<Unit filename="sw/airborne/lisa/test/lisa_test_adxl345_dma.c">
			<Option compilerVar="CC" />
		</Unit>
		<Unit filename="sw/airborne/lisa/test/lisa_test_aspirin.c">
			<Option compilerVar="CC" />
		</Unit>
		<Unit filename="sw/airborne/lisa/test/lisa_test_hmc5843.c">
			<Option compilerVar="CC" />
		</Unit>
		<Unit filename="sw/airborne/lisa/test/lisa_test_itg3200.c">
			<Option compilerVar="CC" />
		</Unit>
		<Unit filename="sw/airborne/lisa/test/lisa_test_max1168.c">
			<Option compilerVar="CC" />
		</Unit>
		<Unit filename="sw/airborne/lisa/test/lisa_test_ms2001.c">
			<Option compilerVar="CC" />
		</Unit>
		<Unit filename="sw/airborne/lisa/test/lisa_test_ms2100.c">
			<Option compilerVar="CC" />
		</Unit>
		<Unit filename="sw/airborne/lisa/test/lisa_test_sc18is600.c">
			<Option compilerVar="CC" />
		</Unit>
		<Unit filename="sw/airborne/lisa/test/lisa_tunnel.c">
			<Option compilerVar="CC" />
		</Unit>
		<Unit filename="sw/airborne/lisa/test/test_board.c">
			<Option compilerVar="CC" />
		</Unit>
		<Unit filename="sw/airborne/lisa/test/test_board.h" />
		<Unit filename="sw/airborne/lisa/test/test_bswap.c">
			<Option compilerVar="CC" />
		</Unit>
		<Unit filename="sw/airborne/lisa/test/test_mc_asctec_v1_simple.c">
			<Option compilerVar="CC" />
		</Unit>
		<Unit filename="sw/airborne/lisa/test_adc.c">
			<Option compilerVar="CC" />
		</Unit>
		<Unit filename="sw/airborne/lisa/test_csc_servo.c">
			<Option compilerVar="CC" />
		</Unit>
		<Unit filename="sw/airborne/lisa/test_datalink.c">
			<Option compilerVar="CC" />
		</Unit>
		<Unit filename="sw/airborne/lisa/test_float.c">
			<Option compilerVar="CC" />
		</Unit>
		<Unit filename="sw/airborne/lisa/test_led.c">
			<Option compilerVar="CC" />
		</Unit>
		<Unit filename="sw/airborne/lisa/test_mc.c">
			<Option compilerVar="CC" />
		</Unit>
		<Unit filename="sw/airborne/lisa/test_periodic.c">
			<Option compilerVar="CC" />
		</Unit>
		<Unit filename="sw/airborne/lisa/test_servos.c">
			<Option compilerVar="CC" />
		</Unit>
		<Unit filename="sw/airborne/lisa/test_spi_slave.c">
			<Option compilerVar="CC" />
		</Unit>
		<Unit filename="sw/airborne/lisa/test_spi_slave2.c">
			<Option compilerVar="CC" />
		</Unit>
		<Unit filename="sw/airborne/lisa/test_uart.c">
			<Option compilerVar="CC" />
		</Unit>
		<Unit filename="sw/airborne/lisa/tunnel_hw.c">
			<Option compilerVar="CC" />
		</Unit>
		<Unit filename="sw/airborne/math/pprz_algebra.h" />
		<Unit filename="sw/airborne/math/pprz_algebra_double.h" />
		<Unit filename="sw/airborne/math/pprz_algebra_float.h" />
		<Unit filename="sw/airborne/math/pprz_algebra_int.h" />
		<Unit filename="sw/airborne/math/pprz_geodetic.h" />
		<Unit filename="sw/airborne/math/pprz_geodetic_double.c">
			<Option compilerVar="CC" />
		</Unit>
		<Unit filename="sw/airborne/math/pprz_geodetic_double.h" />
		<Unit filename="sw/airborne/math/pprz_geodetic_float.c">
			<Option compilerVar="CC" />
		</Unit>
		<Unit filename="sw/airborne/math/pprz_geodetic_float.h" />
		<Unit filename="sw/airborne/math/pprz_geodetic_int.c">
			<Option compilerVar="CC" />
		</Unit>
		<Unit filename="sw/airborne/math/pprz_geodetic_int.h" />
		<Unit filename="sw/airborne/math/pprz_simple_matrix.h" />
		<Unit filename="sw/airborne/math/pprz_trig_int.c">
			<Option compilerVar="CC" />
		</Unit>
		<Unit filename="sw/airborne/math/pprz_trig_int.h" />
		<Unit filename="sw/airborne/mcu.c">
			<Option compilerVar="CC" />
		</Unit>
		<Unit filename="sw/airborne/mcu.h" />
		<Unit filename="sw/airborne/mcu_periph/adc.h" />
		<Unit filename="sw/airborne/mcu_periph/can.c">
			<Option compilerVar="CC" />
		</Unit>
		<Unit filename="sw/airborne/mcu_periph/can.h" />
		<Unit filename="sw/airborne/mcu_periph/i2c.c">
			<Option compilerVar="CC" />
		</Unit>
		<Unit filename="sw/airborne/mcu_periph/i2c.h" />
		<Unit filename="sw/airborne/mcu_periph/spi.c">
			<Option compilerVar="CC" />
		</Unit>
		<Unit filename="sw/airborne/mcu_periph/spi.h" />
		<Unit filename="sw/airborne/mcu_periph/uart.h" />
		<Unit filename="sw/airborne/mcu_periph/usb_serial.h" />
		<Unit filename="sw/airborne/micromag.c">
			<Option compilerVar="CC" />
		</Unit>
		<Unit filename="sw/airborne/micromag.h" />
		<Unit filename="sw/airborne/modem.h" />
		<Unit filename="sw/airborne/modules/MPPT/MPPT.c">
			<Option compilerVar="CC" />
		</Unit>
		<Unit filename="sw/airborne/modules/MPPT/MPPT.h" />
		<Unit filename="sw/airborne/modules/MPPT/sim_MPPT.c">
			<Option compilerVar="CC" />
		</Unit>
		<Unit filename="sw/airborne/modules/adcs/adc_generic.c">
			<Option compilerVar="CC" />
		</Unit>
		<Unit filename="sw/airborne/modules/adcs/adc_generic.h" />
		<Unit filename="sw/airborne/modules/adcs/max11040.c">
			<Option compilerVar="CC" />
		</Unit>
		<Unit filename="sw/airborne/modules/adcs/max11040.h" />
		<Unit filename="sw/airborne/modules/cam_control/booz_cam.c">
			<Option compilerVar="CC" />
		</Unit>
		<Unit filename="sw/airborne/modules/cam_control/booz_cam.h" />
		<Unit filename="sw/airborne/modules/cam_control/cam.c">
			<Option compilerVar="CC" />
		</Unit>
		<Unit filename="sw/airborne/modules/cam_control/cam.h" />
		<Unit filename="sw/airborne/modules/cam_control/cam_roll.c">
			<Option compilerVar="CC" />
		</Unit>
		<Unit filename="sw/airborne/modules/cam_control/cam_track.c">
			<Option compilerVar="CC" />
		</Unit>
		<Unit filename="sw/airborne/modules/cam_control/cam_track.h" />
		<Unit filename="sw/airborne/modules/cam_control/point.c">
			<Option compilerVar="CC" />
		</Unit>
		<Unit filename="sw/airborne/modules/cam_control/point.h" />
		<Unit filename="sw/airborne/modules/core/extra_pprz_dl.c">
			<Option compilerVar="CC" />
		</Unit>
		<Unit filename="sw/airborne/modules/core/extra_pprz_dl.h" />
		<Unit filename="sw/airborne/modules/core/sys_mon.c">
			<Option compilerVar="CC" />
		</Unit>
		<Unit filename="sw/airborne/modules/core/sys_mon.h" />
		<Unit filename="sw/airborne/modules/core/trigger_ext.c">
			<Option compilerVar="CC" />
		</Unit>
		<Unit filename="sw/airborne/modules/core/trigger_ext.h" />
		<Unit filename="sw/airborne/modules/demo_module/demo_module.c">
			<Option compilerVar="CC" />
		</Unit>
		<Unit filename="sw/airborne/modules/demo_module/demo_module.h" />
		<Unit filename="sw/airborne/modules/deploy_sonar_buoy.h" />
		<Unit filename="sw/airborne/modules/deploy_sonar_buoy/deploy_sonar_buoy.c">
			<Option compilerVar="CC" />
		</Unit>
		<Unit filename="sw/airborne/modules/deploy_sonar_buoy/deploy_sonar_buoy.h" />
		<Unit filename="sw/airborne/modules/digital_cam/atmega_i2c_cam_ctrl.c">
			<Option compilerVar="CC" />
		</Unit>
		<Unit filename="sw/airborne/modules/digital_cam/atmega_i2c_cam_ctrl.h" />
		<Unit filename="sw/airborne/modules/digital_cam/dc.c">
			<Option compilerVar="CC" />
		</Unit>
		<Unit filename="sw/airborne/modules/digital_cam/dc.h" />
		<Unit filename="sw/airborne/modules/digital_cam/led_cam_ctrl.c">
			<Option compilerVar="CC" />
		</Unit>
		<Unit filename="sw/airborne/modules/digital_cam/led_cam_ctrl.h" />
		<Unit filename="sw/airborne/modules/digital_cam/sim_i2c_cam_ctrl.c">
			<Option compilerVar="CC" />
		</Unit>
		<Unit filename="sw/airborne/modules/display/lcd_dogm.c">
			<Option compilerVar="CC" />
		</Unit>
		<Unit filename="sw/airborne/modules/display/lcd_dogm.h" />
		<Unit filename="sw/airborne/modules/drop/booz_drop.c">
			<Option compilerVar="CC" />
		</Unit>
		<Unit filename="sw/airborne/modules/drop/booz_drop.h" />
		<Unit filename="sw/airborne/modules/enose/chemo_detect.c">
			<Option compilerVar="CC" />
		</Unit>
		<Unit filename="sw/airborne/modules/enose/chemo_detect.h" />
		<Unit filename="sw/airborne/modules/enose/enose.c">
			<Option compilerVar="CC" />
		</Unit>
		<Unit filename="sw/airborne/modules/enose/enose.h" />
		<Unit filename="sw/airborne/modules/gps_i2c/gps_i2c.c">
			<Option compilerVar="CC" />
		</Unit>
		<Unit filename="sw/airborne/modules/gps_i2c/gps_i2c.h" />
		<Unit filename="sw/airborne/modules/gps_i2c/runtime_configure.h" />
		<Unit filename="sw/airborne/modules/gsm/gsm.c">
			<Option compilerVar="CC" />
		</Unit>
		<Unit filename="sw/airborne/modules/gsm/gsm.h" />
		<Unit filename="sw/airborne/modules/ins/VN100.h" />
		<Unit filename="sw/airborne/modules/ins/fw_ins_vn100.c">
			<Option compilerVar="CC" />
		</Unit>
		<Unit filename="sw/airborne/modules/ins/ins_arduimu.c">
			<Option compilerVar="CC" />
		</Unit>
		<Unit filename="sw/airborne/modules/ins/ins_arduimu.h" />
		<Unit filename="sw/airborne/modules/ins/ins_module.h" />
		<Unit filename="sw/airborne/modules/ins/ins_osam_ugear.c">
			<Option compilerVar="CC" />
		</Unit>
		<Unit filename="sw/airborne/modules/ins/ins_osam_ugear.h" />
		<Unit filename="sw/airborne/modules/ins/ins_vn100.c">
			<Option compilerVar="CC" />
		</Unit>
		<Unit filename="sw/airborne/modules/ins/ins_vn100.h" />
		<Unit filename="sw/airborne/modules/ins/ins_xsens.c">
			<Option compilerVar="CC" />
		</Unit>
		<Unit filename="sw/airborne/modules/ins/ins_xsens.h" />
		<Unit filename="sw/airborne/modules/light/light.c">
			<Option compilerVar="CC" />
		</Unit>
		<Unit filename="sw/airborne/modules/light/light.h" />
		<Unit filename="sw/airborne/modules/max3100/max3100_hw.c">
			<Option compilerVar="CC" />
		</Unit>
		<Unit filename="sw/airborne/modules/max3100/max3100_hw.h" />
		<Unit filename="sw/airborne/modules/meteo/dust_gp2y.c">
			<Option compilerVar="CC" />
		</Unit>
		<Unit filename="sw/airborne/modules/meteo/dust_gp2y.h" />
		<Unit filename="sw/airborne/modules/meteo/humid_dpicco.c">
			<Option compilerVar="CC" />
		</Unit>
		<Unit filename="sw/airborne/modules/meteo/humid_dpicco.h" />
		<Unit filename="sw/airborne/modules/meteo/humid_hih.c">
			<Option compilerVar="CC" />
		</Unit>
		<Unit filename="sw/airborne/modules/meteo/humid_hih.h" />
		<Unit filename="sw/airborne/modules/meteo/humid_sht.c">
			<Option compilerVar="CC" />
		</Unit>
		<Unit filename="sw/airborne/modules/meteo/humid_sht.h" />
		<Unit filename="sw/airborne/modules/meteo/humid_sht_i2c.c">
			<Option compilerVar="CC" />
		</Unit>
		<Unit filename="sw/airborne/modules/meteo/humid_sht_i2c.h" />
		<Unit filename="sw/airborne/modules/meteo/ir_mlx.c">
			<Option compilerVar="CC" />
		</Unit>
		<Unit filename="sw/airborne/modules/meteo/ir_mlx.h" />
		<Unit filename="sw/airborne/modules/meteo/light_temt.c">
			<Option compilerVar="CC" />
		</Unit>
		<Unit filename="sw/airborne/modules/meteo/light_temt.h" />
		<Unit filename="sw/airborne/modules/meteo/temp_lm75.c">
			<Option compilerVar="CC" />
		</Unit>
		<Unit filename="sw/airborne/modules/meteo/temp_lm75.h" />
		<Unit filename="sw/airborne/modules/meteo/temp_temod.c">
			<Option compilerVar="CC" />
		</Unit>
		<Unit filename="sw/airborne/modules/meteo/temp_temod.h" />
		<Unit filename="sw/airborne/modules/meteo/temp_tmp102.c">
			<Option compilerVar="CC" />
		</Unit>
		<Unit filename="sw/airborne/modules/meteo/temp_tmp102.h" />
		<Unit filename="sw/airborne/modules/meteo/wind_gfi.c">
			<Option compilerVar="CC" />
		</Unit>
		<Unit filename="sw/airborne/modules/meteo/wind_gfi.h" />
		<Unit filename="sw/airborne/modules/meteo/windturbine.c">
			<Option compilerVar="CC" />
		</Unit>
		<Unit filename="sw/airborne/modules/meteo/windturbine.h" />
		<Unit filename="sw/airborne/modules/multi/formation.c">
			<Option compilerVar="CC" />
		</Unit>
		<Unit filename="sw/airborne/modules/multi/formation.h" />
		<Unit filename="sw/airborne/modules/multi/potential.c">
			<Option compilerVar="CC" />
		</Unit>
		<Unit filename="sw/airborne/modules/multi/potential.h" />
		<Unit filename="sw/airborne/modules/multi/tcas.c">
			<Option compilerVar="CC" />
		</Unit>
		<Unit filename="sw/airborne/modules/multi/tcas.h" />
		<Unit filename="sw/airborne/modules/onboardcam/atmega48.c">
			<Option compilerVar="CC" />
		</Unit>
		<Unit filename="sw/airborne/modules/onboardcam/atmega48.h" />
		<Unit filename="sw/airborne/modules/onboardcam/onboardcam.c">
			<Option compilerVar="CC" />
		</Unit>
		<Unit filename="sw/airborne/modules/onboardcam/onboardcam.h" />
		<Unit filename="sw/airborne/modules/onboardcam/onboardcam_i2c.c">
			<Option compilerVar="CC" />
		</Unit>
		<Unit filename="sw/airborne/modules/onboardcam/sim_atmega48.c">
			<Option compilerVar="CC" />
		</Unit>
		<Unit filename="sw/airborne/modules/onboardcam/sim_onboardcam.c">
			<Option compilerVar="CC" />
		</Unit>
		<Unit filename="sw/airborne/modules/opticflow/opticflow.c">
			<Option compilerVar="CC" />
		</Unit>
		<Unit filename="sw/airborne/modules/opticflow/opticflow.h" />
		<Unit filename="sw/airborne/modules/poles/nav_poles.c">
			<Option compilerVar="CC" />
		</Unit>
		<Unit filename="sw/airborne/modules/poles/nav_poles.h" />
		<Unit filename="sw/airborne/modules/sensors/airspeed_adc.c">
			<Option compilerVar="CC" />
		</Unit>
		<Unit filename="sw/airborne/modules/sensors/airspeed_adc.h" />
		<Unit filename="sw/airborne/modules/sensors/airspeed_ets.c">
			<Option compilerVar="CC" />
		</Unit>
		<Unit filename="sw/airborne/modules/sensors/airspeed_ets.h" />
		<Unit filename="sw/airborne/modules/sensors/alt_srf08.c">
			<Option compilerVar="CC" />
		</Unit>
		<Unit filename="sw/airborne/modules/sensors/alt_srf08.h" />
		<Unit filename="sw/airborne/modules/sensors/baro_MS5534A.c">
			<Option compilerVar="CC" />
		</Unit>
		<Unit filename="sw/airborne/modules/sensors/baro_MS5534A.h" />
		<Unit filename="sw/airborne/modules/sensors/baro_bmp.c">
			<Option compilerVar="CC" />
		</Unit>
		<Unit filename="sw/airborne/modules/sensors/baro_bmp.h" />
		<Unit filename="sw/airborne/modules/sensors/baro_ets.c">
			<Option compilerVar="CC" />
		</Unit>
		<Unit filename="sw/airborne/modules/sensors/baro_ets.h" />
		<Unit filename="sw/airborne/modules/sensors/baro_scp.c">
			<Option compilerVar="CC" />
		</Unit>
		<Unit filename="sw/airborne/modules/sensors/baro_scp.h" />
		<Unit filename="sw/airborne/modules/sensors/baro_scp_i2c.c">
			<Option compilerVar="CC" />
		</Unit>
		<Unit filename="sw/airborne/modules/sensors/baro_scp_i2c.h" />
		<Unit filename="sw/airborne/modules/sensors/infrared_i2c.c">
			<Option compilerVar="CC" />
		</Unit>
		<Unit filename="sw/airborne/modules/sensors/infrared_i2c.h" />
		<Unit filename="sw/airborne/modules/sensors/mag_micromag_fw.c">
			<Option compilerVar="CC" />
		</Unit>
		<Unit filename="sw/airborne/modules/sensors/mag_micromag_fw.h" />
		<Unit filename="sw/airborne/modules/sensors/pressure_board_navarro.c">
			<Option compilerVar="CC" />
		</Unit>
		<Unit filename="sw/airborne/modules/sensors/pressure_board_navarro.h" />
		<Unit filename="sw/airborne/modules/sensors/trigger_ext.c">
			<Option compilerVar="CC" />
		</Unit>
		<Unit filename="sw/airborne/modules/sensors/trigger_ext.h" />
		<Unit filename="sw/airborne/modules/servo_switch/servo_switch.c">
			<Option compilerVar="CC" />
		</Unit>
		<Unit filename="sw/airborne/modules/servo_switch/servo_switch.h" />
		<Unit filename="sw/airborne/modules/sonar/sonar_maxbotix_booz.c">
			<Option compilerVar="CC" />
		</Unit>
		<Unit filename="sw/airborne/modules/sonar/sonar_maxbotix_booz.h" />
		<Unit filename="sw/airborne/modules/vehicle_interface/vi.c">
			<Option compilerVar="CC" />
		</Unit>
		<Unit filename="sw/airborne/modules/vehicle_interface/vi.h" />
		<Unit filename="sw/airborne/modules/vehicle_interface/vi_datalink.c">
			<Option compilerVar="CC" />
		</Unit>
		<Unit filename="sw/airborne/modules/vehicle_interface/vi_datalink.h" />
		<Unit filename="sw/airborne/modules/vehicle_interface/vi_overo_link.c">
			<Option compilerVar="CC" />
		</Unit>
		<Unit filename="sw/airborne/modules/vehicle_interface/vi_overo_link.h" />
		<Unit filename="sw/airborne/modules/vehicle_interface/vi_test_signal.c">
			<Option compilerVar="CC" />
		</Unit>
		<Unit filename="sw/airborne/modules/vehicle_interface/vi_test_signal.h" />
		<Unit filename="sw/airborne/obsolete/3dmg.c">
			<Option compilerVar="CC" />
		</Unit>
		<Unit filename="sw/airborne/obsolete/3dmg.h" />
		<Unit filename="sw/airborne/obsolete/max1167.c">
			<Option compilerVar="CC" />
		</Unit>
		<Unit filename="sw/airborne/obsolete/max1167.h" />
		<Unit filename="sw/airborne/obsolete/max1167_hw.c">
			<Option compilerVar="CC" />
		</Unit>
		<Unit filename="sw/airborne/obsolete/max1167_hw.h" />
		<Unit filename="sw/airborne/paparazzi.h" />
		<Unit filename="sw/airborne/peripherals/adxl345.h" />
		<Unit filename="sw/airborne/peripherals/ami601.c">
			<Option compilerVar="CC" />
		</Unit>
		<Unit filename="sw/airborne/peripherals/ami601.h" />
		<Unit filename="sw/airborne/peripherals/hmc5843.c">
			<Option compilerVar="CC" />
		</Unit>
		<Unit filename="sw/airborne/peripherals/hmc5843.h" />
		<Unit filename="sw/airborne/peripherals/itg3200.h" />
		<Unit filename="sw/airborne/peripherals/max1168.c">
			<Option compilerVar="CC" />
		</Unit>
		<Unit filename="sw/airborne/peripherals/max1168.h" />
		<Unit filename="sw/airborne/peripherals/ms2001.c">
			<Option compilerVar="CC" />
		</Unit>
		<Unit filename="sw/airborne/peripherals/ms2001.h" />
		<Unit filename="sw/airborne/peripherals/sc18i600.c">
			<Option compilerVar="CC" />
		</Unit>
		<Unit filename="sw/airborne/peripherals/sc18i600.h" />
		<Unit filename="sw/airborne/pprz_debug.c">
			<Option compilerVar="CC" />
		</Unit>
		<Unit filename="sw/airborne/pprz_debug.h" />
		<Unit filename="sw/airborne/pprz_transport.c">
			<Option compilerVar="CC" />
		</Unit>
		<Unit filename="sw/airborne/pprz_transport.h" />
		<Unit filename="sw/airborne/print.h" />
		<Unit filename="sw/airborne/rc_settings.c">
			<Option compilerVar="CC" />
		</Unit>
		<Unit filename="sw/airborne/rc_settings.h" />
		<Unit filename="sw/airborne/sd_card/main.c">
			<Option compilerVar="CC" />
		</Unit>
		<Unit filename="sw/airborne/sd_card/sd_card.c">
			<Option compilerVar="CC" />
		</Unit>
		<Unit filename="sw/airborne/sd_card/sd_card.h" />
		<Unit filename="sw/airborne/subsystems/ahrs.c">
			<Option compilerVar="CC" />
		</Unit>
		<Unit filename="sw/airborne/subsystems/ahrs.h" />
		<Unit filename="sw/airborne/subsystems/ahrs/ahrs_aligner.c">
			<Option compilerVar="CC" />
		</Unit>
		<Unit filename="sw/airborne/subsystems/ahrs/ahrs_aligner.h" />
		<Unit filename="sw/airborne/subsystems/ahrs/ahrs_float_cmpl_rmat.c">
			<Option compilerVar="CC" />
		</Unit>
		<Unit filename="sw/airborne/subsystems/ahrs/ahrs_float_cmpl_rmat.h" />
		<Unit filename="sw/airborne/subsystems/ahrs/ahrs_float_dcm.c">
			<Option compilerVar="CC" />
		</Unit>
		<Unit filename="sw/airborne/subsystems/ahrs/ahrs_float_dcm.h" />
		<Unit filename="sw/airborne/subsystems/ahrs/ahrs_float_dcm_algebra.h" />
		<Unit filename="sw/airborne/subsystems/ahrs/ahrs_float_ekf.c">
			<Option compilerVar="CC" />
		</Unit>
		<Unit filename="sw/airborne/subsystems/ahrs/ahrs_float_ekf.h" />
		<Unit filename="sw/airborne/subsystems/ahrs/ahrs_float_lkf.c">
			<Option compilerVar="CC" />
		</Unit>
		<Unit filename="sw/airborne/subsystems/ahrs/ahrs_float_lkf.h" />
		<Unit filename="sw/airborne/subsystems/ahrs/ahrs_float_utils.h" />
		<Unit filename="sw/airborne/subsystems/ahrs/ahrs_int_cmpl_euler.c">
			<Option compilerVar="CC" />
		</Unit>
		<Unit filename="sw/airborne/subsystems/ahrs/ahrs_int_cmpl_euler.h" />
		<Unit filename="sw/airborne/subsystems/electrical.c">
			<Option compilerVar="CC" />
		</Unit>
		<Unit filename="sw/airborne/subsystems/electrical.h" />
		<Unit filename="sw/airborne/subsystems/imu.c">
			<Option compilerVar="CC" />
		</Unit>
		<Unit filename="sw/airborne/subsystems/imu.h" />
		<Unit filename="sw/airborne/subsystems/imu/imu_analog.c">
			<Option compilerVar="CC" />
		</Unit>
		<Unit filename="sw/airborne/subsystems/imu/imu_analog.h" />
		<Unit filename="sw/airborne/subsystems/imu/imu_aspirin.c">
			<Option compilerVar="CC" />
		</Unit>
		<Unit filename="sw/airborne/subsystems/imu/imu_aspirin.h" />
		<Unit filename="sw/airborne/subsystems/imu/imu_b2.c">
			<Option compilerVar="CC" />
		</Unit>
		<Unit filename="sw/airborne/subsystems/imu/imu_b2.h" />
		<Unit filename="sw/airborne/subsystems/imu/imu_crista.c">
			<Option compilerVar="CC" />
		</Unit>
		<Unit filename="sw/airborne/subsystems/imu/imu_crista.h" />
		<Unit filename="sw/airborne/subsystems/ins.c">
			<Option compilerVar="CC" />
		</Unit>
		<Unit filename="sw/airborne/subsystems/ins.h" />
		<Unit filename="sw/airborne/subsystems/ins/hf_float.c">
			<Option compilerVar="CC" />
		</Unit>
		<Unit filename="sw/airborne/subsystems/ins/hf_float.h" />
		<Unit filename="sw/airborne/subsystems/ins/vf_float.c">
			<Option compilerVar="CC" />
		</Unit>
		<Unit filename="sw/airborne/subsystems/ins/vf_float.h" />
		<Unit filename="sw/airborne/subsystems/ins/vf_int.c">
			<Option compilerVar="CC" />
		</Unit>
		<Unit filename="sw/airborne/subsystems/ins/vf_int.h" />
		<Unit filename="sw/airborne/subsystems/nav.c">
			<Option compilerVar="CC" />
		</Unit>
		<Unit filename="sw/airborne/subsystems/nav.h" />
		<Unit filename="sw/airborne/subsystems/navigation/OSAMNav.c">
			<Option compilerVar="CC" />
		</Unit>
		<Unit filename="sw/airborne/subsystems/navigation/OSAMNav.h" />
		<Unit filename="sw/airborne/subsystems/navigation/bomb.c">
			<Option compilerVar="CC" />
		</Unit>
		<Unit filename="sw/airborne/subsystems/navigation/bomb.h" />
		<Unit filename="sw/airborne/subsystems/navigation/common_nav.c">
			<Option compilerVar="CC" />
		</Unit>
		<Unit filename="sw/airborne/subsystems/navigation/common_nav.h" />
		<Unit filename="sw/airborne/subsystems/navigation/discsurvey.c">
			<Option compilerVar="CC" />
		</Unit>
		<Unit filename="sw/airborne/subsystems/navigation/discsurvey.h" />
		<Unit filename="sw/airborne/subsystems/navigation/flightzone.c">
			<Option compilerVar="CC" />
		</Unit>
		<Unit filename="sw/airborne/subsystems/navigation/flightzone.h" />
		<Unit filename="sw/airborne/subsystems/navigation/nav_cube.c">
			<Option compilerVar="CC" />
		</Unit>
		<Unit filename="sw/airborne/subsystems/navigation/nav_cube.h" />
		<Unit filename="sw/airborne/subsystems/navigation/nav_line.c">
			<Option compilerVar="CC" />
		</Unit>
		<Unit filename="sw/airborne/subsystems/navigation/nav_line.h" />
		<Unit filename="sw/airborne/subsystems/navigation/nav_survey_rectangle.c">
			<Option compilerVar="CC" />
		</Unit>
		<Unit filename="sw/airborne/subsystems/navigation/nav_survey_rectangle.h" />
		<Unit filename="sw/airborne/subsystems/navigation/snav.c">
			<Option compilerVar="CC" />
		</Unit>
		<Unit filename="sw/airborne/subsystems/navigation/snav.h" />
		<Unit filename="sw/airborne/subsystems/navigation/traffic_info.c">
			<Option compilerVar="CC" />
		</Unit>
		<Unit filename="sw/airborne/subsystems/navigation/traffic_info.h" />
		<Unit filename="sw/airborne/subsystems/radio_control.c">
			<Option compilerVar="CC" />
		</Unit>
		<Unit filename="sw/airborne/subsystems/radio_control.h" />
		<Unit filename="sw/airborne/subsystems/radio_control/dummy.c">
			<Option compilerVar="CC" />
		</Unit>
		<Unit filename="sw/airborne/subsystems/radio_control/dummy.h" />
		<Unit filename="sw/airborne/subsystems/radio_control/joby.c">
			<Option compilerVar="CC" />
		</Unit>
		<Unit filename="sw/airborne/subsystems/radio_control/joby.h" />
		<Unit filename="sw/airborne/subsystems/radio_control/joby_9ch.h" />
		<Unit filename="sw/airborne/subsystems/radio_control/ppm.c">
			<Option compilerVar="CC" />
		</Unit>
		<Unit filename="sw/airborne/subsystems/radio_control/ppm.h" />
		<Unit filename="sw/airborne/subsystems/radio_control/rc_datalink.c">
			<Option compilerVar="CC" />
		</Unit>
		<Unit filename="sw/airborne/subsystems/radio_control/rc_datalink.h" />
		<Unit filename="sw/airborne/subsystems/radio_control/spektrum.c">
			<Option compilerVar="CC" />
		</Unit>
		<Unit filename="sw/airborne/subsystems/radio_control/spektrum.h" />
		<Unit filename="sw/airborne/subsystems/radio_control/spektrum_dx7se.h" />
		<Unit filename="sw/airborne/subsystems/radio_control/spektrum_dx7se_joby.h" />
		<Unit filename="sw/airborne/subsystems/sensors/baro.h" />
		<Unit filename="sw/airborne/subsystems/sensors/infrared.c">
			<Option compilerVar="CC" />
		</Unit>
		<Unit filename="sw/airborne/subsystems/sensors/infrared.h" />
		<Unit filename="sw/airborne/sys_time.c">
			<Option compilerVar="CC" />
		</Unit>
		<Unit filename="sw/airborne/sys_time.h" />
		<Unit filename="sw/airborne/test/ahrs/run_ahrs_on_flight_log.c">
			<Option compilerVar="CC" />
		</Unit>
		<Unit filename="sw/airborne/test/nova_test_imu.c">
			<Option compilerVar="CC" />
		</Unit>
		<Unit filename="sw/airborne/test/peripherals/test_ami601.c">
			<Option compilerVar="CC" />
		</Unit>
		<Unit filename="sw/airborne/test/pprz_algebra_print.h" />
		<Unit filename="sw/airborne/test/pprz_simple_matrix_print.h" />
		<Unit filename="sw/airborne/test/test_actuators.c">
			<Option compilerVar="CC" />
		</Unit>
		<Unit filename="sw/airborne/test/test_adcs.c">
			<Option compilerVar="CC" />
		</Unit>
		<Unit filename="sw/airborne/test/test_algebra.c">
			<Option compilerVar="CC" />
		</Unit>
		<Unit filename="sw/airborne/test/test_bla.c">
			<Option compilerVar="CC" />
		</Unit>
		<Unit filename="sw/airborne/test/test_esc_asctecv1_simple.c">
			<Option compilerVar="CC" />
		</Unit>
		<Unit filename="sw/airborne/test/test_esc_mkk_simple.c">
			<Option compilerVar="CC" />
		</Unit>
		<Unit filename="sw/airborne/test/test_geodetic.c">
			<Option compilerVar="CC" />
		</Unit>
		<Unit filename="sw/airborne/test/test_matrix.c">
			<Option compilerVar="CC" />
		</Unit>
		<Unit filename="sw/airborne/test/test_nav.c">
			<Option compilerVar="CC" />
		</Unit>
		<Unit filename="sw/airborne/test/test_telemetry.c">
			<Option compilerVar="CC" />
		</Unit>
		<Unit filename="sw/airborne/xbee.c">
			<Option compilerVar="CC" />
		</Unit>
		<Unit filename="sw/airborne/xbee.h" />
		<Unit filename="sw/airborne/xbee24.h" />
		<Unit filename="sw/airborne/xbee868.h" />
		<Extensions>
			<code_completion />
			<debugger />
		</Extensions>
	</Project>
</CodeBlocks_project_file>
